{
    "_meta": {
        "hash": {
            "sha256": "dcd9c9b3030205c258ae36b511dda6754abc24d7e1746f2cdcea943161a1192a"
        },
        "pipfile-spec": 6,
        "requires": {
            "python_version": "3.9"
        },
        "sources": [
            {
                "name": "pypi",
                "url": "https://pypi.org/simple",
                "verify_ssl": true
            }
        ]
    },
    "default": {
        "certifi": {
            "hashes": [
                "sha256:84c85a9078b11105f04f3036a9482ae10e4621616db313fe045dd24743a0820d",
                "sha256:fe86415d55e84719d75f8b69414f6438ac3547d2078ab91b67e779ef69378412"
            ],
            "markers": "python_full_version >= '3.6.0'",
            "version": "==2022.6.15"
        },
        "charset-normalizer": {
            "hashes": [
                "sha256:5189b6f22b01957427f35b6a08d9a0bc45b46d3788ef5a92e978433c7a35f8a5",
                "sha256:575e708016ff3a5e3681541cb9d79312c416835686d054a23accb873b254f413"
            ],
            "markers": "python_full_version >= '3.6.0'",
            "version": "==2.1.0"
        },
        "dockerfile-parse": {
            "hashes": [
                "sha256:07e65eec313978e877da819855870b3ae47f3fac94a40a965b9ede10484dacc5",
                "sha256:c3fc8f491e1af8cb5f9e23ea6437a2913467b88a4be143095f150330b090be7e"
            ],
            "index": "pypi",
            "version": "==1.2.0"
        },
        "idna": {
            "hashes": [
                "sha256:84d9dd047ffa80596e0f246e2eab0b391788b0503584e8945f2368256d2735ff",
                "sha256:9d643ff0a55b762d5cdb124b8eaa99c66322e2157b69160bc32796e824360e6d"
            ],
            "markers": "python_version >= '3.5'",
            "version": "==3.3"
        },
        "pyyaml": {
            "hashes": [
                "sha256:08682f6b72c722394747bddaf0aa62277e02557c0fd1c42cb853016a38f8dedf",
                "sha256:0f5f5786c0e09baddcd8b4b45f20a7b5d61a7e7e99846e3c799b05c7c53fa696",
                "sha256:129def1b7c1bf22faffd67b8f3724645203b79d8f4cc81f674654d9902cb4393",
                "sha256:294db365efa064d00b8d1ef65d8ea2c3426ac366c0c4368d930bf1c5fb497f77",
                "sha256:3b2b1824fe7112845700f815ff6a489360226a5609b96ec2190a45e62a9fc922",
                "sha256:3bd0e463264cf257d1ffd2e40223b197271046d09dadf73a0fe82b9c1fc385a5",
                "sha256:4465124ef1b18d9ace298060f4eccc64b0850899ac4ac53294547536533800c8",
                "sha256:49d4cdd9065b9b6e206d0595fee27a96b5dd22618e7520c33204a4a3239d5b10",
                "sha256:4e0583d24c881e14342eaf4ec5fbc97f934b999a6828693a99157fde912540cc",
                "sha256:5accb17103e43963b80e6f837831f38d314a0495500067cb25afab2e8d7a4018",
                "sha256:607774cbba28732bfa802b54baa7484215f530991055bb562efbed5b2f20a45e",
                "sha256:6c78645d400265a062508ae399b60b8c167bf003db364ecb26dcab2bda048253",
                "sha256:72a01f726a9c7851ca9bfad6fd09ca4e090a023c00945ea05ba1638c09dc3347",
                "sha256:74c1485f7707cf707a7aef42ef6322b8f97921bd89be2ab6317fd782c2d53183",
                "sha256:895f61ef02e8fed38159bb70f7e100e00f471eae2bc838cd0f4ebb21e28f8541",
                "sha256:8c1be557ee92a20f184922c7b6424e8ab6691788e6d86137c5d93c1a6ec1b8fb",
                "sha256:bb4191dfc9306777bc594117aee052446b3fa88737cd13b7188d0e7aa8162185",
                "sha256:bfb51918d4ff3d77c1c856a9699f8492c612cde32fd3bcd344af9be34999bfdc",
                "sha256:c20cfa2d49991c8b4147af39859b167664f2ad4561704ee74c1de03318e898db",
                "sha256:cb333c16912324fd5f769fff6bc5de372e9e7a202247b48870bc251ed40239aa",
                "sha256:d2d9808ea7b4af864f35ea216be506ecec180628aced0704e34aca0b040ffe46",
                "sha256:d483ad4e639292c90170eb6f7783ad19490e7a8defb3e46f97dfe4bacae89122",
                "sha256:dd5de0646207f053eb0d6c74ae45ba98c3395a571a2891858e87df7c9b9bd51b",
                "sha256:e1d4970ea66be07ae37a3c2e48b5ec63f7ba6804bdddfdbd3cfd954d25a82e63",
                "sha256:e4fac90784481d221a8e4b1162afa7c47ed953be40d31ab4629ae917510051df",
                "sha256:fa5ae20527d8e831e8230cbffd9f8fe952815b2b7dae6ffec25318803a7528fc",
                "sha256:fd7f6999a8070df521b6384004ef42833b9bd62cfee11a09bda1079b4b704247",
                "sha256:fdc842473cd33f45ff6bce46aea678a54e3d21f1b61a7750ce3c498eedfe25d6",
                "sha256:fe69978f3f768926cfa37b867e3843918e012cf83f680806599ddce33c2c68b0"
            ],
            "index": "pypi",
            "version": "==5.4.1"
        },
        "regex": {
            "hashes": [
                "sha256:045682b6457f0224deb10c9720b8008dc798b1ad4331de9302fd4b615211e5a5",
                "sha256:04e3869fc6fc24b75d38e7547797bb0a82d6cccd49e8ce6ae21a0b87aeb9fac7",
                "sha256:073bd76a1f03e05a6ca0df705b6117f75b10c340af068b55becb1334fc6426c2",
                "sha256:0aa48740a1385cb668ffd828a7e2c8078ce29c72d64651c8226bd2b7cb5dba0c",
                "sha256:0e380ebd841201f980ab022d07033be12c9438a9b2e0f60324c9e3ba31790918",
                "sha256:0f9b8ef2e46d627b2a85d3f4fe433ead283c420adcf9461906c3db10766dd3b1",
                "sha256:10d3a5dda21a125cfdc31e45ae6ce6bdd1e45cb194199801248d6580be8dc337",
                "sha256:11965ae779a0ccfb6d17996d531e2f522124e04d98cc65742b96bf8f50758ab9",
                "sha256:1c61175730596266015c4e005c65cbfeeb1ef019ccd024870169c6593a26bdb0",
                "sha256:1d1d79a87a33fbd6573e30eb53969a4190035894c4390a0787fb823e9e86b72f",
                "sha256:1f0bf228c948f543876f4fb310322a4ff7e398667dd58aeb4815dc9e30bf867e",
                "sha256:2026a1c108752e48577f9720076bf6e31a60aaf0c3000fffad4e2527fdffbe95",
                "sha256:204705b7ec16267d39870a19e72e832b12739dc48a26d923a9cb94043660d50f",
                "sha256:248b16534d1ef8f10a72cda0f97b3dfa25b3d9123a7e726d1594cb07a541bba0",
                "sha256:27b5011449213dfd880e592ea6d311d00739e87d9512bad507ee18c9c92a20ac",
                "sha256:2880d21e9507869ab1636e50461afb9ffb08797f1cb76f70d3ad52e7dd13a335",
                "sha256:2d3f9fc885ecd8b0eb248d0e190aa7264b977cc23b6da7c08444065170c57e2e",
                "sha256:2d8b50ae3cbaaa2e5ed89ed81fc025ec64b1a54c4f34e6bdaad9dc63fc2afa6b",
                "sha256:3ff5b2b6a136307a5551e7821d83ab12c46f57c32bf23a27877c9c6bdb55aa61",
                "sha256:40b4436466d47271fe3b4df63e55307c91a40cda0875a9ff3b7231a08394b283",
                "sha256:435c94d5939a7cf4b0af1cce30d196451bae441ebe64f63d08517ab490ceb385",
                "sha256:4c0b7c413d4a8a55d72df18acbeb50276eee19cec7e2f54ed3bddc46bc3b3aeb",
                "sha256:4cfe87490d0a801749b42491ef7e968342e5787decbf57d5402fc2c17f7302e3",
                "sha256:4f480661cd0809a1177b09581c12c9ceff9ca989e4a0c8c0f10379dffa3b4c4c",
                "sha256:53370620db6058dbb464324b053fee8608518d76ff6352b2835d71e2ae8ef293",
                "sha256:53eca0cece2ddb592b8dd9746f0b258d0c8a45f5a3ac8eb96833058f64778fca",
                "sha256:5751bfe0d939d7110396510a39e48ee928b36b55177207c47766b093886a3945",
                "sha256:5d750f99c40a7e994df1cf1295bbb3e873417ca69508664fe9f65db92e46ca40",
                "sha256:6019737db5c46a24f307eae5069fced0752e3a22380398bbefbef77b068b9537",
                "sha256:605ca47681c7405723a4970d66d13fa3a3a66efa6b8499d7ab7bce1ddb44a36f",
                "sha256:69120a8fb1eb932b6e3ededb16448be6444eb952f9350c21dddbef947fea5690",
                "sha256:72713de336b8d895f91aad34f5591f33d1d8727bd739af3ae2657411ef6e0739",
                "sha256:74077b462a9b255c5fca247484f46b0f25c32676fe4645cb6b5304b2d997357a",
                "sha256:74f0067495a842f7cc198b14031a2893d377bed38e19d785f35095082ab5a556",
                "sha256:817a0618c149d77e493963cd98851ff49d6ab8bcab247fdbf85bb89a14dca5c3",
                "sha256:869a0f6405ec569863e09909617138af575b5e2bc5181184e60f339a4c8a6d7a",
                "sha256:86b0cf786efd587c27abd1d07020c555a82275bba3506d916d42aed7a3744967",
                "sha256:8cbc407c44003a1cb4aaa2d48cc19b45dde07ba0ae2f541c6750ad18f8c118f5",
                "sha256:90e082f262cf858cbcde330999ea5612e12918982033b716d2c5d8b1bc7a01db",
                "sha256:95d8f1083ff4546ec14fb46dc41b042d372258f8c319df1e2316d8fe1bd3f085",
                "sha256:97211bae1bc51f153764485a54d8d1130196cae33d02285c33732b26c5328b8d",
                "sha256:98dbaf6a86991e2b09f4d8a7669b4304755bda519565971dc3b87ee00fd6eab2",
                "sha256:9e297ff33172853e9a9e46dbb0c2ebf44fb38ebefce659698df4eb9dfce0a748",
                "sha256:9e64492c8105312f080e25e457db70f9b0d02e6ba3c1ea14468087b0e3aa876f",
                "sha256:a11241808e59deec8314792bbd8a6f0a8a7a95b742709e134c73a3216dbb26ae",
                "sha256:a33c36dcc1760d66f1969d7d3dc8956f45a3d502178053074b8489f67718138f",
                "sha256:a4e1e7ba8c58c1f0b828418f9a2635c0f6344bf107308b8fe65f234a13c8462a",
                "sha256:a55c4d5e5076cc5ece625dd1f7015c9a0818ba1f9ad9db421b495d7ece088e56",
                "sha256:a6f5cc82e1fa380eb6b8040d626df6ba9f492b6886527f53d59838b11e9caaef",
                "sha256:a96826b5c9dc68417ddb29843998473f9c2c047911e6fca36a9f81a898087b01",
                "sha256:acf6cbcc19d86f44e8a9d3cf1f6946a71dc55c2ec8ae374c547b1eefd83b954f",
                "sha256:b4be25d3c640a35671431d8ef8cd522319254074b150147fcacad90c91ea42c2",
                "sha256:b5a31abc27f9bda7a455bfa1e1bd623da50e3a343a040084c879d07394a93481",
                "sha256:bb812e590e3881a93d4d291270440b3795fa4c0bc1b03ba15fe1cc88d2ea4347",
                "sha256:bbd542b4afd2ed5491a480e9b15f4bca13e0170ef1895064fd15741382fdebe0",
                "sha256:bf27111f56b762238bd3ce4c5e8ad34167d85dd3c077721a0c093517526a94af",
                "sha256:c7a4dc9436b7a55c36daa3959e92d70337c547651ebeda685dd6bb083f0b77ab",
                "sha256:c88a1068ac8e5dc579d5104903fa2c488448c1137e580a77d1438d98070c4243",
                "sha256:c8cffb5040bf432355cfe51378072f20087609694066ace80710bdba04cf9ce2",
                "sha256:c944921b0e77f1923dd89cda65534223ac107e24d71b1dfe174237faa5efd32a",
                "sha256:ca2a7233275acf0087ecd15e5fb0eeb722a1f4de453b49bb1443edf2c2f5a997",
                "sha256:cf0a3b9744f94693f3ebcca1c259354f0043c19a4ce938f80ad6d1816b8fd8f0",
                "sha256:dbe2f16a66f64a00dc9ccc0db7f8b5ff014f409840e03675eb431f03b50ddffd",
                "sha256:deb7b067b3b9751c60dc7f6de68476138d550c074a5016ba944cc55863fa86d1",
                "sha256:df669bacbda209e9b00928f1d00432b27a16c3e051f9f7e5ea306f9b78bf3e7c",
                "sha256:e2dd4ca82c2241be9582d2ae060070f2bccb0c98295b608009d5cc6e6041eaed",
                "sha256:e432cf909c53506da4c8308753b2671ee37d2d8d1de8b4b54ab76e91ca7ba0b5",
                "sha256:e4e7f1aba3aaf08e11d33fd5c2d8dd8cbf573049474e11256c91e3ba3d5e1642",
                "sha256:e51ab7fbfe5ac3002b9aee527bcb164b17fd92f5663ebf2a4e5917dd9d577864",
                "sha256:ea00c7f86405d88995e7bab5609e343fdedfe1ffc8191d3b5ed0f8c7f5eb17ec",
                "sha256:f7006d7c74e25f8bc592604a5a72ba624f10ebd5c0683ab4d3e940a88ac0098c",
                "sha256:f93e3e5acf82812ea92a1ccdcce690aab18c4044dd824f6b959d2b6069d84312",
                "sha256:fa8a4bc81b15f49c57ede3fd636786c6619179661acf2430fcc387d75bf28d33",
                "sha256:fc44c49f33dd75e58b5ff2a5ac50c96c84b6b209d36b4790c85bca08a3b9017d"
            ],
            "index": "pypi",
            "version": "==2022.7.24"
        },
        "requests": {
            "hashes": [
                "sha256:7c5599b102feddaa661c826c56ab4fee28bfd17f5abca1ebbe3e7f19d7c97983",
                "sha256:8fefa2a1a1365bf5520aac41836fbee479da67864514bdb821f31ce07ce65349"
            ],
            "index": "pypi",
            "version": "==2.28.1"
        },
        "ruamel.yaml": {
            "hashes": [
                "sha256:742b35d3d665023981bd6d16b3d24248ce5df75fdb4e2924e93a05c1f8b61ca7",
                "sha256:8b7ce697a2f212752a35c1ac414471dc16c424c9573be4926b56ff3f5d23b7af"
            ],
            "index": "pypi",
            "version": "==0.17.21"
        },
        "ruamel.yaml.clib": {
            "hashes": [
                "sha256:0847201b767447fc33b9c235780d3aa90357d20dd6108b92be544427bea197dd",
                "sha256:1070ba9dd7f9370d0513d649420c3b362ac2d687fe78c6e888f5b12bf8bc7bee",
                "sha256:1866cf2c284a03b9524a5cc00daca56d80057c5ce3cdc86a52020f4c720856f0",
                "sha256:221eca6f35076c6ae472a531afa1c223b9c29377e62936f61bc8e6e8bdc5f9e7",
                "sha256:31ea73e564a7b5fbbe8188ab8b334393e06d997914a4e184975348f204790277",
                "sha256:3fb9575a5acd13031c57a62cc7823e5d2ff8bc3835ba4d94b921b4e6ee664104",
                "sha256:4ff604ce439abb20794f05613c374759ce10e3595d1867764dd1ae675b85acbd",
                "sha256:6e7be2c5bcb297f5b82fee9c665eb2eb7001d1050deaba8471842979293a80b0",
                "sha256:72a2b8b2ff0a627496aad76f37a652bcef400fd861721744201ef1b45199ab78",
                "sha256:77df077d32921ad46f34816a9a16e6356d8100374579bc35e15bab5d4e9377de",
                "sha256:78988ed190206672da0f5d50c61afef8f67daa718d614377dcd5e3ed85ab4a99",
                "sha256:7b2927e92feb51d830f531de4ccb11b320255ee95e791022555971c466af4527",
                "sha256:7f7ecb53ae6848f959db6ae93bdff1740e651809780822270eab111500842a84",
                "sha256:825d5fccef6da42f3c8eccd4281af399f21c02b32d98e113dbc631ea6a6ecbc7",
                "sha256:846fc8336443106fe23f9b6d6b8c14a53d38cef9a375149d61f99d78782ea468",
                "sha256:89221ec6d6026f8ae859c09b9718799fea22c0e8da8b766b0b2c9a9ba2db326b",
                "sha256:9efef4aab5353387b07f6b22ace0867032b900d8e91674b5d8ea9150db5cae94",
                "sha256:a32f8d81ea0c6173ab1b3da956869114cae53ba1e9f72374032e33ba3118c233",
                "sha256:a49e0161897901d1ac9c4a79984b8410f450565bbad64dbfcbf76152743a0cdb",
                "sha256:ada3f400d9923a190ea8b59c8f60680c4ef8a4b0dfae134d2f2ff68429adfab5",
                "sha256:bf75d28fa071645c529b5474a550a44686821decebdd00e21127ef1fd566eabe",
                "sha256:cfdb9389d888c5b74af297e51ce357b800dd844898af9d4a547ffc143fa56751",
                "sha256:d67f273097c368265a7b81e152e07fb90ed395df6e552b9fa858c6d2c9f42502",
                "sha256:dc6a613d6c74eef5a14a214d433d06291526145431c3b964f5e16529b1842bed",
                "sha256:de9c6b8a1ba52919ae919f3ae96abb72b994dd0350226e28f3686cb4f142165c"
            ],
            "markers": "python_version < '3.11' and platform_python_implementation == 'CPython'",
            "version": "==0.2.6"
        },
        "six": {
            "hashes": [
                "sha256:1e61c37477a1626458e36f7b1d82aa5c9b094fa4802892072e49de9c60c4c926",
                "sha256:8abb2f1d86890a2dfb989f9a77cfcfd3e47c2a354b01111771326f8aa26e0254"
            ],
            "markers": "python_version >= '2.7' and python_version not in '3.0, 3.1, 3.2, 3.3'",
            "version": "==1.16.0"
        },
        "urllib3": {
            "hashes": [
                "sha256:8298d6d56d39be0e3bc13c1c97d133f9b45d797169a0e11cdd0e0489d786f7ec",
                "sha256:879ba4d1e89654d9769ce13121e0f94310ea32e8d2f8cf587b77c08bbcdb30d6"
            ],
            "markers": "python_version >= '2.7' and python_version not in '3.0, 3.1, 3.2, 3.3, 3.4, 3.5' and python_version < '4'",
            "version": "==1.26.10"
        }
    },
    "develop": {
        "attrs": {
            "hashes": [
                "sha256:2d27e3784d7a565d36ab851fe94887c5eccd6a463168875832a1be79c82828b4",
                "sha256:626ba8234211db98e869df76230a137c4c40a12d72445c45d5f5b716f076e2fd"
            ],
            "markers": "python_version >= '2.7' and python_version not in '3.0, 3.1, 3.2, 3.3, 3.4'",
            "version": "==21.4.0"
        },
        "iniconfig": {
            "hashes": [
                "sha256:011e24c64b7f47f6ebd835bb12a743f2fbe9a26d4cecaa7f53bc4f35ee9da8b3",
                "sha256:bc3af051d7d14b2ee5ef9969666def0cd1a000e121eaea580d4a313df4b37f32"
            ],
            "version": "==1.1.1"
        },
        "packaging": {
            "hashes": [
                "sha256:dd47c42927d89ab911e606518907cc2d3a1f38bbd026385970643f9c5b8ecfeb",
                "sha256:ef103e05f519cdc783ae24ea4e2e0f508a9c99b2d4969652eed6a2e1ea5bd522"
            ],
            "markers": "python_version >= '3.6'",
            "version": "==21.3"
        },
        "pluggy": {
            "hashes": [
                "sha256:15b2acde666561e1298d71b523007ed7364de07029219b604cf808bfa1c765b0",
                "sha256:966c145cd83c96502c3c3868f50408687b38434af77734af1e9ca461a4081d2d"
            ],
            "markers": "python_version >= '2.7' and python_version not in '3.0, 3.1, 3.2, 3.3'",
            "version": "==0.13.1"
        },
        "py": {
            "hashes": [
                "sha256:51c75c4126074b472f746a24399ad32f6053d1b34b68d2fa41e558e6f4a98719",
                "sha256:607c53218732647dff4acdfcd50cb62615cedf612e72d1724fb1a0cc6405b378"
            ],
            "markers": "python_version >= '2.7' and python_version not in '3.0, 3.1, 3.2, 3.3, 3.4'",
            "version": "==1.11.0"
        },
        "pyparsing": {
            "hashes": [
                "sha256:2b020ecf7d21b687f219b71ecad3631f644a47f01403fa1d1036b0c6416d70fb",
                "sha256:5026bae9a10eeaefb61dab2f09052b9f4307d44aee4eda64b309723d8d206bbc"
            ],
            "markers": "python_full_version >= '3.6.8'",
            "version": "==3.0.9"
        },
        "pytest": {
            "hashes": [
                "sha256:50bcad0a0b9c5a72c8e4e7c9855a3ad496ca6a881a3641b4260605450772c54b",
                "sha256:91ef2131a9bd6be8f76f1f08eac5c5317221d6ad1e143ae03894b862e8976890"
            ],
            "index": "pypi",
            "version": "==6.2.4"
        },
        "toml": {
            "hashes": [
                "sha256:806143ae5bfb6a3c6e736a764057db0e6a0e05e338b5630894a5f779cabb4f9b",
                "sha256:b3bda1d108d5dd99f4a20d24d9c348e91c4db7ab1b749200bded2f839ccbe68f"
            ],
            "markers": "python_version >= '2.6' and python_version not in '3.0, 3.1, 3.2, 3.3'",
            "version": "==0.10.2"
        }
    }
}
