{
    "_meta": {
        "hash": {
            "sha256": "dcd9c9b3030205c258ae36b511dda6754abc24d7e1746f2cdcea943161a1192a"
        },
        "pipfile-spec": 6,
        "requires": {
            "python_version": "3.9"
        },
        "sources": [
            {
                "name": "pypi",
                "url": "https://pypi.org/simple",
                "verify_ssl": true
            }
        ]
    },
    "default": {
        "certifi": {
            "hashes": [
                "sha256:e564105f78ded564e3ae7c923924435e1daa7463faeab5bb932bc53ffae63407",
                "sha256:f6c12493cfb1b06ba2ff328595af9350c65d6644968e5d3a2ffd78699af217a5"
            ],
            "markers": "python_version >= '3.7'",
            "version": "==2025.8.3"
        },
        "charset-normalizer": {
            "hashes": [
                "sha256:00237675befef519d9af72169d8604a067d92755e84fe76492fef5441db05b91",
                "sha256:02425242e96bcf29a49711b0ca9f37e451da7c70562bc10e8ed992a5a7a25cc0",
                "sha256:027b776c26d38b7f15b26a5da1044f376455fb3766df8fc38563b4efbc515154",
                "sha256:07a0eae9e2787b586e129fdcbe1af6997f8d0e5abaa0bc98c0e20e124d67e601",
                "sha256:0cacf8f7297b0c4fcb74227692ca46b4a5852f8f4f24b3c766dd94a1075c4884",
                "sha256:0e78314bdc32fa80696f72fa16dc61168fda4d6a0c014e0380f9d02f0e5d8a07",
                "sha256:0f2be7e0cf7754b9a30eb01f4295cc3d4358a479843b31f328afd210e2c7598c",
                "sha256:13faeacfe61784e2559e690fc53fa4c5ae97c6fcedb8eb6fb8d0a15b475d2c64",
                "sha256:14c2a87c65b351109f6abfc424cab3927b3bdece6f706e4d12faaf3d52ee5efe",
                "sha256:1606f4a55c0fd363d754049cdf400175ee96c992b1f8018b993941f221221c5f",
                "sha256:16a8770207946ac75703458e2c743631c79c59c5890c80011d536248f8eaa432",
                "sha256:18343b2d246dc6761a249ba1fb13f9ee9a2bcd95decc767319506056ea4ad4dc",
                "sha256:18b97b8404387b96cdbd30ad660f6407799126d26a39ca65729162fd810a99aa",
                "sha256:1bb60174149316da1c35fa5233681f7c0f9f514509b8e399ab70fea5f17e45c9",
                "sha256:1e8ac75d72fa3775e0b7cb7e4629cec13b7514d928d15ef8ea06bca03ef01cae",
                "sha256:1ef99f0456d3d46a50945c98de1774da86f8e992ab5c77865ea8b8195341fc19",
                "sha256:2001a39612b241dae17b4687898843f254f8748b796a2e16f1051a17078d991d",
                "sha256:23b6b24d74478dc833444cbd927c338349d6ae852ba53a0d02a2de1fce45b96e",
                "sha256:252098c8c7a873e17dd696ed98bbe91dbacd571da4b87df3736768efa7a792e4",
                "sha256:257f26fed7d7ff59921b78244f3cd93ed2af1800ff048c33f624c87475819dd7",
                "sha256:2c322db9c8c89009a990ef07c3bcc9f011a3269bc06782f916cd3d9eed7c9312",
                "sha256:30a96e1e1f865f78b030d65241c1ee850cdf422d869e9028e2fc1d5e4db73b92",
                "sha256:30d006f98569de3459c2fc1f2acde170b7b2bd265dc1943e87e1a4efe1b67c31",
                "sha256:31a9a6f775f9bcd865d88ee350f0ffb0e25936a7f930ca98995c05abf1faf21c",
                "sha256:320e8e66157cc4e247d9ddca8e21f427efc7a04bbd0ac8a9faf56583fa543f9f",
                "sha256:34a7f768e3f985abdb42841e20e17b330ad3aaf4bb7e7aeeb73db2e70f077b99",
                "sha256:3653fad4fe3ed447a596ae8638b437f827234f01a8cd801842e43f3d0a6b281b",
                "sha256:3cd35b7e8aedeb9e34c41385fda4f73ba609e561faedfae0a9e75e44ac558a15",
                "sha256:3cfb2aad70f2c6debfbcb717f23b7eb55febc0bb23dcffc0f076009da10c6392",
                "sha256:416175faf02e4b0810f1f38bcb54682878a4af94059a1cd63b8747244420801f",
                "sha256:41d1fc408ff5fdfb910200ec0e74abc40387bccb3252f3f27c0676731df2b2c8",
                "sha256:42e5088973e56e31e4fa58eb6bd709e42fc03799c11c42929592889a2e54c491",
                "sha256:4ca4c094de7771a98d7fbd67d9e5dbf1eb73efa4f744a730437d8a3a5cf994f0",
                "sha256:511729f456829ef86ac41ca78c63a5cb55240ed23b4b737faca0eb1abb1c41bc",
                "sha256:53cd68b185d98dde4ad8990e56a58dea83a4162161b1ea9272e5c9182ce415e0",
                "sha256:585f3b2a80fbd26b048a0be90c5aae8f06605d3c92615911c3a2b03a8a3b796f",
                "sha256:5b413b0b1bfd94dbf4023ad6945889f374cd24e3f62de58d6bb102c4d9ae534a",
                "sha256:5d8d01eac18c423815ed4f4a2ec3b439d654e55ee4ad610e153cf02faf67ea40",
                "sha256:6aab0f181c486f973bc7262a97f5aca3ee7e1437011ef0c2ec04b5a11d16c927",
                "sha256:6cf8fd4c04756b6b60146d98cd8a77d0cdae0e1ca20329da2ac85eed779b6849",
                "sha256:6fb70de56f1859a3f71261cbe41005f56a7842cc348d3aeb26237560bfa5e0ce",
                "sha256:6fce4b8500244f6fcb71465d4a4930d132ba9ab8e71a7859e6a5d59851068d14",
                "sha256:70bfc5f2c318afece2f5838ea5e4c3febada0be750fcf4775641052bbba14d05",
                "sha256:73dc19b562516fc9bcf6e5d6e596df0b4eb98d87e4f79f3ae71840e6ed21361c",
                "sha256:74d77e25adda8581ffc1c720f1c81ca082921329452eba58b16233ab1842141c",
                "sha256:78deba4d8f9590fe4dae384aeff04082510a709957e968753ff3c48399f6f92a",
                "sha256:86df271bf921c2ee3818f0522e9a5b8092ca2ad8b065ece5d7d9d0e9f4849bcc",
                "sha256:88ab34806dea0671532d3f82d82b85e8fc23d7b2dd12fa837978dad9bb392a34",
                "sha256:8999f965f922ae054125286faf9f11bc6932184b93011d138925a1773830bbe9",
                "sha256:8dcfc373f888e4fb39a7bc57e93e3b845e7f462dacc008d9749568b1c4ece096",
                "sha256:939578d9d8fd4299220161fdd76e86c6a251987476f5243e8864a7844476ba14",
                "sha256:96b2b3d1a83ad55310de8c7b4a2d04d9277d5591f40761274856635acc5fcb30",
                "sha256:a2d08ac246bb48479170408d6c19f6385fa743e7157d716e144cad849b2dd94b",
                "sha256:b256ee2e749283ef3ddcff51a675ff43798d92d746d1a6e4631bf8c707d22d0b",
                "sha256:b5e3b2d152e74e100a9e9573837aba24aab611d39428ded46f4e4022ea7d1942",
                "sha256:b89bc04de1d83006373429975f8ef9e7932534b8cc9ca582e4db7d20d91816db",
                "sha256:bd28b817ea8c70215401f657edef3a8aa83c29d447fb0b622c35403780ba11d5",
                "sha256:c60e092517a73c632ec38e290eba714e9627abe9d301c8c8a12ec32c314a2a4b",
                "sha256:c6dbd0ccdda3a2ba7c2ecd9d77b37f3b5831687d8dc1b6ca5f56a4880cc7b7ce",
                "sha256:c6e490913a46fa054e03699c70019ab869e990270597018cef1d8562132c2669",
                "sha256:c6f162aabe9a91a309510d74eeb6507fab5fff92337a15acbe77753d88d9dcf0",
                "sha256:c6fd51128a41297f5409deab284fecbe5305ebd7e5a1f959bee1c054622b7018",
                "sha256:cc34f233c9e71701040d772aa7490318673aa7164a0efe3172b2981218c26d93",
                "sha256:cc9370a2da1ac13f0153780040f465839e6cccb4a1e44810124b4e22483c93fe",
                "sha256:ccf600859c183d70eb47e05a44cd80a4ce77394d1ac0f79dbd2dd90a69a3a049",
                "sha256:ce571ab16d890d23b5c278547ba694193a45011ff86a9162a71307ed9f86759a",
                "sha256:cf1ebb7d78e1ad8ec2a8c4732c7be2e736f6e5123a4146c5b89c9d1f585f8cef",
                "sha256:d0e909868420b7049dafd3a31d45125b31143eec59235311fc4c57ea26a4acd2",
                "sha256:d22dbedd33326a4a5190dd4fe9e9e693ef12160c77382d9e87919bce54f3d4ca",
                "sha256:d716a916938e03231e86e43782ca7878fb602a125a91e7acb8b5112e2e96ac16",
                "sha256:d79c198e27580c8e958906f803e63cddb77653731be08851c7df0b1a14a8fc0f",
                "sha256:d95bfb53c211b57198bb91c46dd5a2d8018b3af446583aab40074bf7988401cb",
                "sha256:e28e334d3ff134e88989d90ba04b47d84382a828c061d0d1027b1b12a62b39b1",
                "sha256:ec557499516fc90fd374bf2e32349a2887a876fbf162c160e3c01b6849eaf557",
                "sha256:fb6fecfd65564f208cbf0fba07f107fb661bcd1a7c389edbced3f7a493f70e37",
                "sha256:fb731e5deb0c7ef82d698b0f4c5bb724633ee2a489401594c5c88b02e6cb15f7",
                "sha256:fb7f67a1bfa6e40b438170ebdc8158b78dc465a5a67b6dde178a46987b244a72",
                "sha256:fd10de089bcdcd1be95a2f73dbe6254798ec1bda9f450d5828c96f93e2536b9c",
                "sha256:fdabf8315679312cfa71302f9bd509ded4f2f263fb5b765cf1433b39106c3cc9"
            ],
            "markers": "python_version >= '3.7'",
            "version": "==3.4.3"
        },
        "dockerfile-parse": {
            "hashes": [
                "sha256:07e65eec313978e877da819855870b3ae47f3fac94a40a965b9ede10484dacc5",
                "sha256:c3fc8f491e1af8cb5f9e23ea6437a2913467b88a4be143095f150330b090be7e"
            ],
            "index": "pypi",
            "version": "==1.2.0"
        },
        "idna": {
            "hashes": [
                "sha256:12f65c9b470abda6dc35cf8e63cc574b1c52b11df2c86030af0ac09b01b13ea9",
                "sha256:946d195a0d259cbba61165e88e65941f16e9b36ea6ddb97f00452bae8b1287d3"
            ],
            "markers": "python_version >= '3.6'",
            "version": "==3.10"
        },
        "pyyaml": {
            "hashes": [
                "sha256:08682f6b72c722394747bddaf0aa62277e02557c0fd1c42cb853016a38f8dedf",
                "sha256:0f5f5786c0e09baddcd8b4b45f20a7b5d61a7e7e99846e3c799b05c7c53fa696",
                "sha256:129def1b7c1bf22faffd67b8f3724645203b79d8f4cc81f674654d9902cb4393",
                "sha256:294db365efa064d00b8d1ef65d8ea2c3426ac366c0c4368d930bf1c5fb497f77",
                "sha256:3b2b1824fe7112845700f815ff6a489360226a5609b96ec2190a45e62a9fc922",
                "sha256:3bd0e463264cf257d1ffd2e40223b197271046d09dadf73a0fe82b9c1fc385a5",
                "sha256:4465124ef1b18d9ace298060f4eccc64b0850899ac4ac53294547536533800c8",
                "sha256:49d4cdd9065b9b6e206d0595fee27a96b5dd22618e7520c33204a4a3239d5b10",
                "sha256:4e0583d24c881e14342eaf4ec5fbc97f934b999a6828693a99157fde912540cc",
                "sha256:5accb17103e43963b80e6f837831f38d314a0495500067cb25afab2e8d7a4018",
                "sha256:607774cbba28732bfa802b54baa7484215f530991055bb562efbed5b2f20a45e",
                "sha256:6c78645d400265a062508ae399b60b8c167bf003db364ecb26dcab2bda048253",
                "sha256:72a01f726a9c7851ca9bfad6fd09ca4e090a023c00945ea05ba1638c09dc3347",
                "sha256:74c1485f7707cf707a7aef42ef6322b8f97921bd89be2ab6317fd782c2d53183",
                "sha256:895f61ef02e8fed38159bb70f7e100e00f471eae2bc838cd0f4ebb21e28f8541",
                "sha256:8c1be557ee92a20f184922c7b6424e8ab6691788e6d86137c5d93c1a6ec1b8fb",
                "sha256:bb4191dfc9306777bc594117aee052446b3fa88737cd13b7188d0e7aa8162185",
                "sha256:bfb51918d4ff3d77c1c856a9699f8492c612cde32fd3bcd344af9be34999bfdc",
                "sha256:c20cfa2d49991c8b4147af39859b167664f2ad4561704ee74c1de03318e898db",
                "sha256:cb333c16912324fd5f769fff6bc5de372e9e7a202247b48870bc251ed40239aa",
                "sha256:d2d9808ea7b4af864f35ea216be506ecec180628aced0704e34aca0b040ffe46",
                "sha256:d483ad4e639292c90170eb6f7783ad19490e7a8defb3e46f97dfe4bacae89122",
                "sha256:dd5de0646207f053eb0d6c74ae45ba98c3395a571a2891858e87df7c9b9bd51b",
                "sha256:e1d4970ea66be07ae37a3c2e48b5ec63f7ba6804bdddfdbd3cfd954d25a82e63",
                "sha256:e4fac90784481d221a8e4b1162afa7c47ed953be40d31ab4629ae917510051df",
                "sha256:fa5ae20527d8e831e8230cbffd9f8fe952815b2b7dae6ffec25318803a7528fc",
                "sha256:fd7f6999a8070df521b6384004ef42833b9bd62cfee11a09bda1079b4b704247",
                "sha256:fdc842473cd33f45ff6bce46aea678a54e3d21f1b61a7750ce3c498eedfe25d6",
                "sha256:fe69978f3f768926cfa37b867e3843918e012cf83f680806599ddce33c2c68b0"
            ],
            "index": "pypi",
            "version": "==5.4.1"
        },
        "regex": {
            "hashes": [
                "sha256:07a3fd25d9074923e4d7258b551ae35ab6bdfe01904b8f0d5341c7d8b20eb18d",
                "sha256:0879dd3251a42d2e9b938e1e03b1e9f60de90b4d153015193f5077a376a18439",
                "sha256:08a15d40ce28362eac3e78e83d75475147869c1ff86bc93285f43b4f4431a741",
                "sha256:08f52122c352eb44c3421dab78b9b73a8a77a282cc8314ae576fcaa92b780d10",
                "sha256:0967c5b86f274800a34a4ed862dfab56928144d03cb18821c5153f8777947796",
                "sha256:0ff1307f531a5d8cf5c20ea517254551ff0a8dc722193aab66c656c5a900ea68",
                "sha256:16b0f1c2e2d566c562d5c384c2b492646be0a19798532fdc1fdedacc66e3223f",
                "sha256:17bbcde374bef1c5fad9b131f0e28a6a24856dd90368d8c0201e2b5a69533daa",
                "sha256:182c452279365a93a9f45874f7f191ec1c51e1f1eb41bf2b16563f1a40c1da3a",
                "sha256:185d2b18c062820b3a40d8fefa223a83f10b20a674bf6e8c4a432e8dfd844627",
                "sha256:1a32d77aeaea58a13230100dd8797ac1a84c457f3af2fdf0d81ea689d5a9105b",
                "sha256:1a56a54be3897d62f54290190fbcd754bff6932934529fbf5b29933da28fcd43",
                "sha256:1cb976810ac1416a67562c2e5ba0accf6f928932320fef302e08100ed681b38e",
                "sha256:1e11d3e5887b8b096f96b4154dfb902f29c723a9556639586cd140e77e28b313",
                "sha256:1f5799ea1787aa6de6c150377d11afad39a38afd033f0c5247aecb997978c422",
                "sha256:1fa1186966b2621b1769fd467c7b22e317e6ba2d2cdcecc42ea3089ef04a8521",
                "sha256:2003cc82a579107e70d013482acce8ba773293f2db534fb532738395c557ff34",
                "sha256:238e67264b4013e74136c49f883734f68656adf8257bfa13b515626b31b20f8e",
                "sha256:275cd1c2ed8c4a78ebfa489618d7aee762e8b4732da73573c3e38236ec5f65de",
                "sha256:281d87fa790049c2b7c1b4253121edd80b392b19b5a3d28dc2a77579cb2a58ec",
                "sha256:2b841698f93db3ccc36caa1900d2a3be281d9539b822dc012f08fc80b46a3224",
                "sha256:2e9117d1d35fc2addae6281019ecc70dc21c30014b0004f657558b91c6a8f1a7",
                "sha256:2ee3663f2c334959016b56e3bd0dd187cbc73f948e3a3af14c3caaa0c3035d10",
                "sha256:33535dcf34f47821381e341f7b715cbd027deda4223af4d3932adcd371d3192a",
                "sha256:345c9df49a15bf6460534b104b336581bc5f35c286cac526416e7a63d389b09b",
                "sha256:37be9296598a30c6a20236248cb8b2c07ffd54d095b75d3a2a2ee5babdc51df1",
                "sha256:39a7e8083959cb1c4ff74e483eecb5a65d3b3e1d821b256e54baf61782c906c6",
                "sha256:3a36b4005770044bf08edecc798f0e41a75795b9e7c9c12fe29da8d792ef870c",
                "sha256:3bfeff0b08f296ab28b4332a7e03ca31c437ee78b541ebc874bbf540e5932f8d",
                "sha256:413bfea20a484c524858125e92b9ce6ffdd0a4b97d4ff96b5859aa119b0f1bdd",
                "sha256:436b4c4352fe0762e3bfa34a5567079baa2ef22aa9c37cf4d128979ccfcad842",
                "sha256:44383bc0c933388516c2692c9a7503e1f4a67e982f20b9a29d2fb70c6494f147",
                "sha256:4663ff2fc367735ae7b90b4f0e05b25554446df4addafc76fdaacaaa0ba852b5",
                "sha256:4f13450328a6634348d47a88367e06b64c9d84980ef6a748f717b13f8ce64e87",
                "sha256:4f375c61bfc3138b13e762fe0ae76e3bdca92497816936534a0177201666f44f",
                "sha256:563824a08c7c03d96856d84b46fdb3bbb7cfbdf79da7ef68725cda2ce169c72a",
                "sha256:59bba9f7125536f23fdab5deeea08da0c287a64c1d3acc1c7e99515809824de8",
                "sha256:5b5cb5b6344c4c4c24b2dc87b0bfee78202b07ef7633385df70da7fcf6f7cec6",
                "sha256:5c084889ab2c59765a0d5ac602fd1c3c244f9b3fcc9a65fdc7ba6b74c5287490",
                "sha256:5c259cb363299a0d90d63b5c0d7568ee98419861618a95ee9d91a41cb9954462",
                "sha256:5f97236a67307b775f30a74ef722b64b38b7ab7ba3bb4a2508518a5de545459c",
                "sha256:6040a86f95438a0114bba16e51dfe27f1bc004fd29fe725f54a586f6d522b079",
                "sha256:63b81eef3656072e4ca87c58084c7a9c2b81d41a300b157be635a8a675aacfb8",
                "sha256:651c58aecbab7e97bdf8ec76298a28d2bf2b6238c099ec6bf32e6d41e2f9a9cb",
                "sha256:6c531155bf9179345e85032052a1e5fe1a696a6abf9cea54b97e8baefff970fd",
                "sha256:7888475787cbfee4a7cd32998eeffe9a28129fa44ae0f691b96cb3939183ef41",
                "sha256:78d76dd2957d62501084e7012ddafc5fcd406dd982b7a9ca1ea76e8eaaf73e7e",
                "sha256:7a44d9c00f7a0a02d3b777429281376370f3d13d2c75ae74eb94e11ebcf4a7fc",
                "sha256:7b426ae7952f3dc1e73a86056d520bd4e5f021397484a6835902fc5648bcacce",
                "sha256:7c9f2c68ac6cb3de94eea08a437a75eaa2bd33f9e97c84836ca0b610a5804368",
                "sha256:7d6606524fa77b3912c9ef52a42ef63c6cfbfc1077e9dc6296cd5da0da286044",
                "sha256:7e24af51e907d7457cc4a72691ec458320b9ae67dc492f63209f01eecb09de32",
                "sha256:842d449a8fefe546f311656cf8c0d6729b08c09a185f1cad94c756210286d6a8",
                "sha256:8668e5f067e31a47699ebb354f43aeb9c0ef136f915bd864243098524482ac43",
                "sha256:883df76ee42d9ecb82b37ff8d01caea5895b3f49630a64d21111078bbf8ef64c",
                "sha256:89f8b9ea3830c79468e26b0e21c3585f69f105157c2154a36f6b7839f8afb351",
                "sha256:8cbaf8ceb88f96ae2356d01b9adf5e6306fa42fa6f7eab6b97794e37c959ac26",
                "sha256:8f3e6d202fb52c2153f532043bbcf618fd177df47b0b306741eb9b60ba96edc3",
                "sha256:912e9df4e89d383681268d38ad8f5780d7cccd94ba0e9aa09ca7ab7ab4f8e7eb",
                "sha256:92f565ff9beb9f51bc7cc8c578a7e92eb5c4576b69043a4c58cd05d73fda83c5",
                "sha256:956d89e0c92d471e8f7eee73f73fdff5ed345886378c45a43175a77538a1ffe4",
                "sha256:98fd84c4e4ea185b3bb5bf065261ab45867d8875032f358a435647285c722673",
                "sha256:99018c331fb2529084a0c9b4c713dfa49fafb47c7712422e49467c13a636c656",
                "sha256:9b8c72a242683dcc72d37595c4f1278dfd7642b769e46700a8df11eab19dfd82",
                "sha256:9c9bb421cbe7012c744a5a56cf4d6c80829c72edb1a2991677299c988d6339c8",
                "sha256:9e72e3b84b170fec02193d32620a0a7060a22e52c46e45957dcd14742e0d28fb",
                "sha256:a0ec8bdd88d2e2659c3518087ee34b37e20bd169419ffead4240a7004e8ed03b",
                "sha256:a32433fe3deb4b2d8eda88790d2808fed0dc097e84f5e683b4cd4f42edef6cca",
                "sha256:a5b7a26b51a9df473ec16a1934d117443a775ceb7b39b78670b2e21893c330c9",
                "sha256:a6ce7973384c37bdf0f371a843f95a6e6f4e1489e10e0cf57330198df72959c5",
                "sha256:a8d7b7a0a3df9952f9965342159e0c1f05384c0f056a47ce8b61034f8cecbe83",
                "sha256:a93e97338e1c8ea2649e130dcfbe8cd69bba5e1e163834752ab64dcb4de6d5ed",
                "sha256:a9639ab7540cfea45ef57d16dcbea2e22de351998d614c3ad2f9778fa3bdd788",
                "sha256:abbea548b1076eaf8635caf1071c9d86efdf0fa74abe71fca26c05a2d64cda80",
                "sha256:af7b2661dcc032da1fae82069b5ebf2ac1dfcd5359ef8b35e1367bfc92181432",
                "sha256:b103a752b6f1632ca420225718d6ed83f6a6ced3016dd0a4ab9a6825312de566",
                "sha256:b1249e9ff581c5b658c8f0437f883b01f1edcf424a16388591e7c05e5e9e8b0c",
                "sha256:b24b29402f264f70a3c81f45974323b41764ff7159655360543b7cabb73e7d2f",
                "sha256:b2b7f19a764d5e966d5a62bf2c28a8b4093cc864c6734510bdb4aeb840aec5e6",
                "sha256:b2eb48bd9848d66fd04826382f5e8491ae633de3233a3d64d58ceb4ecfa2113a",
                "sha256:b4e10434279cc8567f99ca6e018e9025d14f2fded2a603380b6be2090f476426",
                "sha256:b52bf9282fdf401e4f4e721f0f61fc4b159b1307244517789702407dd74e38ca",
                "sha256:b577601bfe1d33913fcd9276d7607bbac827c4798d9e14d04bf37d417a6c41cb",
                "sha256:b5d4ece8628d6e364302006366cea3ee887db397faebacc5dacf8ef19e064cf8",
                "sha256:b6f259118ba87b814a8ec475380aee5f5ae97a75852a3507cf31d055b01b5b40",
                "sha256:b7690f95404a1293923a296981fd943cca12c31a41af9c21ba3edd06398fc193",
                "sha256:b83601f84fde939ae3478bb32a3aef36f61b58c3208d825c7e8ce1a735f143f2",
                "sha256:bca7feecc72ee33579e9f6ddf8babbe473045717a0e7dbc347099530f96e8b9a",
                "sha256:be19e7de499940cd72475fb8e46ab2ecb1cf5906bebdd18a89f9329afb1df82f",
                "sha256:bfdf4e9aa3e7b7d02fda97509b4ceeed34542361694ecc0a81db1688373ecfbd",
                "sha256:c037aadf4d64bdc38af7db3dbd34877a057ce6524eefcb2914d6d41c56f968cc",
                "sha256:c5cdaf5b6d37c7da1967dbe729d819461aab6a98a072feef65bbcff0a6e60649",
                "sha256:c70dfe58b0a00b36aa04cdb0f798bf3e0adc31747641f69e191109fd8572c9a9",
                "sha256:ce81c5544a5453f61cb6f548ed358cfb111e3b23f3cd42d250a4077a6be2a7b6",
                "sha256:ceabc62a0e879169cd1bf066063bd6991c3e41e437628936a2ce66e0e2071c32",
                "sha256:d10bcde58bbdf18146f3a69ec46dd03233b94a4a5632af97aa5378da3a47d288",
                "sha256:d36591ce06d047d0c0fe2fc5f14bfbd5b4525d08a7b6a279379085e13f0e3d0e",
                "sha256:d614986dc68506be8f00474f4f6960e03e4ca9883f7df47744800e7d7c08a494",
                "sha256:d7e481f9710e8e24228ce2c77b41db7662a3f68853395da86a292b49dadca2aa",
                "sha256:d80e8eb79009bdb0936658c44ca06e2fbbca67792013e3818eea3f5f228971c2",
                "sha256:d8d286760ee5b77fd21cf6b33cc45e0bffd1deeda59ca65b9be996f590a9828a",
                "sha256:d97d73818c642c938db14c0668167f8d39520ca9d983604575ade3fda193afcc",
                "sha256:d9a4953575f300a7bab71afa4cd4ac061c7697c89590a2902b536783eeb49a4f",
                "sha256:e248cc9446081119128ed002a3801f8031e0c219b5d3c64d3cc627da29ac0a33",
                "sha256:e9bf7f6699f490e4e43c44757aa179dab24d1960999c84ab5c3d5377714ed473",
                "sha256:ea7a3c283ce0f06fe789365841e9174ba05f8db16e2fd6ae00a02df9572c04c0",
                "sha256:ebf1baebef1c4088ad5a5623decec6b52950f0e4d7a0ae4d48f0a99f8c9cb7d7",
                "sha256:ec13647907bb9d15fd192bbfe89ff06612e098a5709e7d6ecabbdd8f7908fc45",
                "sha256:ec41a905908496ce4906dab20fb103c814558db1d69afc12c2f384549c17936a",
                "sha256:ec506e8114fa12d21616deb44800f536d6bf2e1a69253dbf611f69af92395c99",
                "sha256:f4b1b1991617055b46aff6f6db24888c1f05f4db9801349d23f09ed0714a9335",
                "sha256:f668fe1fd3358c5423355a289a4a003e58005ce829d217b828f80bd605a90145",
                "sha256:f76deef1f1019a17dad98f408b8f7afc4bd007cbe835ae77b737e8c7f19ae575",
                "sha256:f7ada5d9dceafaab92646aa00c10a9efd9b09942dd9b0d7c5a4b73db92cc7e61",
                "sha256:fd8aba965604d70306eb90a35528f776e59112a7114a5162824d43b76fa27f58"
            ],
            "index": "pypi",
            "markers": "python_version >= '3.9'",
            "version": "==2025.10.23"
        },
        "requests": {
            "hashes": [
                "sha256:2462f94637a34fd532264295e186976db0f5d453d1cdd31473c85a6a161affb6",
                "sha256:dbba0bac56e100853db0ea71b82b4dfd5fe2bf6d3754a8893c3af500cec7d7cf"
            ],
            "index": "pypi",
            "markers": "python_version >= '3.9'",
            "version": "==2.32.5"
        },
        "ruamel.yaml": {
            "hashes": [
                "sha256:25d0ee82a0a9a6f44683dcf8c282340def4074a4562f3a24f55695bb254c1693",
                "sha256:baa2d0a5aad2034826c439ce61c142c07082b76f4791d54145e131206e998059"
            ],
            "index": "pypi",
            "version": "==0.17.26"
        },
        "ruamel.yaml.clib": {
            "hashes": [
                "sha256:045e0626baf1c52e5527bd5db361bc83180faaba2ff586e763d3d5982a876a9e",
                "sha256:15910ef4f3e537eea7fe45f8a5d19997479940d9196f357152a09031c5be59f3",
                "sha256:184faeaec61dbaa3cace407cffc5819f7b977e75360e8d5ca19461cd851a5fc5",
                "sha256:1f08fd5a2bea9c4180db71678e850b995d2a5f4537be0e94557668cf0f5f9497",
                "sha256:2aa261c29a5545adfef9296b7e33941f46aa5bbd21164228e833412af4c9c75f",
                "sha256:3110a99e0f94a4a3470ff67fc20d3f96c25b13d24c6980ff841e82bafe827cac",
                "sha256:3243f48ecd450eddadc2d11b5feb08aca941b5cd98c9b1db14b2fd128be8c697",
                "sha256:370445fd795706fd291ab00c9df38a0caed0f17a6fb46b0f607668ecb16ce763",
                "sha256:40d030e2329ce5286d6b231b8726959ebbe0404c92f0a578c0e2482182e38282",
                "sha256:41d0f1fa4c6830176eef5b276af04c89320ea616655d01327d5ce65e50575c94",
                "sha256:4a4d8d417868d68b979076a9be6a38c676eca060785abaa6709c7b31593c35d1",
                "sha256:4b3a93bb9bc662fc1f99c5c3ea8e623d8b23ad22f861eb6fce9377ac07ad6072",
                "sha256:5bc0667c1eb8f83a3752b71b9c4ba55ef7c7058ae57022dd9b29065186a113d9",
                "sha256:721bc4ba4525f53f6a611ec0967bdcee61b31df5a56801281027a3a6d1c2daf5",
                "sha256:763d65baa3b952479c4e972669f679fe490eee058d5aa85da483ebae2009d231",
                "sha256:7bdb4c06b063f6fd55e472e201317a3bb6cdeeee5d5a38512ea5c01e1acbdd93",
                "sha256:8831a2cedcd0f0927f788c5bdf6567d9dc9cc235646a434986a852af1cb54b4b",
                "sha256:91a789b4aa0097b78c93e3dc4b40040ba55bef518f84a40d4442f713b4094acb",
                "sha256:92460ce908546ab69770b2e576e4f99fbb4ce6ab4b245345a3869a0a0410488f",
                "sha256:99e77daab5d13a48a4054803d052ff40780278240a902b880dd37a51ba01a307",
                "sha256:a234a20ae07e8469da311e182e70ef6b199d0fbeb6c6cc2901204dd87fb867e8",
                "sha256:a7b301ff08055d73223058b5c46c55638917f04d21577c95e00e0c4d79201a6b",
                "sha256:be2a7ad8fd8f7442b24323d24ba0b56c51219513cfa45b9ada3b87b76c374d4b",
                "sha256:bf9a6bc4a0221538b1a7de3ed7bca4c93c02346853f44e1cd764be0023cd3640",
                "sha256:c3ca1fbba4ae962521e5eb66d72998b51f0f4d0f608d3c0347a48e1af262efa7",
                "sha256:d000f258cf42fec2b1bbf2863c61d7b8918d31ffee905da62dede869254d3b8a",
                "sha256:d5859983f26d8cd7bb5c287ef452e8aacc86501487634573d260968f753e1d71",
                "sha256:d5e51e2901ec2366b79f16c2299a03e74ba4531ddcfacc1416639c557aef0ad8",
                "sha256:da538167284de58a52109a9b89b8f6a53ff8437dd6dc26d33b57bf6699153122",
                "sha256:debc87a9516b237d0466a711b18b6ebeb17ba9f391eb7f91c649c5c4ec5006c7",
                "sha256:df5828871e6648db72d1c19b4bd24819b80a755c4541d3409f0f7acd0f335c80",
                "sha256:ecdf1a604009bd35c674b9225a8fa609e0282d9b896c03dd441a91e5f53b534e",
                "sha256:efa08d63ef03d079dcae1dfe334f6c8847ba8b645d08df286358b1f5293d24ab",
                "sha256:f01da5790e95815eb5a8a138508c01c758e5f5bc0ce4286c4f7028b8dd7ac3d0",
                "sha256:f34019dced51047d6f70cb9383b2ae2853b7fc4dce65129a5acd49f4f9256646",
                "sha256:f6d3d39611ac2e4f62c3128a9eed45f19a6608670c5a2f4f07f24e8de3441d38"
            ],
            "markers": "python_version < '3.12' and platform_python_implementation == 'CPython'",
            "version": "==0.2.7"
        },
        "six": {
            "hashes": [
                "sha256:1e61c37477a1626458e36f7b1d82aa5c9b094fa4802892072e49de9c60c4c926",
                "sha256:8abb2f1d86890a2dfb989f9a77cfcfd3e47c2a354b01111771326f8aa26e0254"
            ],
            "markers": "python_version >= '2.7' and python_version not in '3.0, 3.1, 3.2, 3.3'",
            "version": "==1.16.0"
        },
        "urllib3": {
            "hashes": [
                "sha256:3fc47733c7e419d4bc3f6b3dc2b4f890bb743906a30d56ba4a5bfa4bbff92760",
                "sha256:e6b01673c0fa6a13e374b50871808eb3bf7046c4b125b216f6bf1cc604cff0dc"
            ],
            "markers": "python_version >= '3.9'",
            "version": "==2.5.0"
        }
    },
    "develop": {
        "attrs": {
            "hashes": [
                "sha256:1f28b4522cdc2fb4256ac1a020c78acf9cba2c6b461ccd2c126f3aa8e8335d04",
                "sha256:6279836d581513a26f1bf235f9acd333bc9115683f14f7e8fae46c98fc50e015"
            ],
            "markers": "python_version >= '3.7'",
            "version": "==23.1.0"
        },
        "iniconfig": {
            "hashes": [
                "sha256:2d91e135bf72d31a410b17c16da610a82cb55f6b0477d1a902134b24a455b8b3",
                "sha256:b6a85871a79d2e3b22d2d1b94ac2824226a63c6b741c88f7ae975f18b6778374"
            ],
            "markers": "python_version >= '3.7'",
            "version": "==2.0.0"
        },
        "packaging": {
            "hashes": [
                "sha256:994793af429502c4ea2ebf6bf664629d07c1a9fe974af92966e4b8d2df7edc61",
                "sha256:a392980d2b6cffa644431898be54b0045151319d1e7ec34f0cfed48767dd334f"
            ],
            "markers": "python_version >= '3.7'",
            "version": "==23.1"
        },
        "pluggy": {
            "hashes": [
                "sha256:15b2acde666561e1298d71b523007ed7364de07029219b604cf808bfa1c765b0",
                "sha256:966c145cd83c96502c3c3868f50408687b38434af77734af1e9ca461a4081d2d"
            ],
            "markers": "python_version >= '2.7' and python_version not in '3.0, 3.1, 3.2, 3.3'",
            "version": "==0.13.1"
        },
        "py": {
            "hashes": [
                "sha256:51c75c4126074b472f746a24399ad32f6053d1b34b68d2fa41e558e6f4a98719",
                "sha256:607c53218732647dff4acdfcd50cb62615cedf612e72d1724fb1a0cc6405b378"
            ],
            "markers": "python_version >= '2.7' and python_version not in '3.0, 3.1, 3.2, 3.3, 3.4'",
            "version": "==1.11.0"
        },
        "pytest": {
            "hashes": [
                "sha256:50bcad0a0b9c5a72c8e4e7c9855a3ad496ca6a881a3641b4260605450772c54b",
                "sha256:91ef2131a9bd6be8f76f1f08eac5c5317221d6ad1e143ae03894b862e8976890"
            ],
            "index": "pypi",
            "version": "==6.2.4"
        },
        "toml": {
            "hashes": [
                "sha256:806143ae5bfb6a3c6e736a764057db0e6a0e05e338b5630894a5f779cabb4f9b",
                "sha256:b3bda1d108d5dd99f4a20d24d9c348e91c4db7ab1b749200bded2f839ccbe68f"
            ],
            "markers": "python_version >= '2.6' and python_version not in '3.0, 3.1, 3.2, 3.3'",
            "version": "==0.10.2"
        }
    }
}
