{
    "_meta": {
        "hash": {
            "sha256": "165196a3e4f973fd053eed7d7500a779f2d9c3df158e1b106dfaafd871a81039"
        },
        "pipfile-spec": 6,
        "requires": {
            "python_version": "3.9"
        },
        "sources": [
            {
                "name": "pypi",
                "url": "https://pypi.org/simple",
                "verify_ssl": true
            }
        ]
    },
    "default": {
        "beautifulsoup4": {
            "hashes": [
                "sha256:c7bdbfb20a0dbe09518b96a809d93351b2e2bcb8046c0809466fa6632a10c257",
                "sha256:e44795bb4f156d94abb5fbc56efff871c1045bfef72e9efe77558db9f9616ac3"
            ],
            "index": "pypi",
            "version": "==4.12.1"
        },
        "feedparser": {
            "hashes": [
                "sha256:27da485f4637ce7163cdeab13a80312b93b7d0c1b775bef4a47629a3110bca51",
                "sha256:79c257d526d13b944e965f6095700587f27388e50ea16fd245babe4dfae7024f"
            ],
            "index": "pypi",
            "version": "==6.0.10"
        },
        "sgmllib3k": {
            "hashes": [
                "sha256:7868fb1c8bfa764c1ac563d3cf369c381d1325d36124933a726f29fcdaa812e9"
            ],
            "version": "==1.0.0"
        },
        "soupsieve": {
            "hashes": [
                "sha256:49e5368c2cda80ee7e84da9dbe3e110b70a4575f196efb74e51b94549d921955",
                "sha256:e28dba9ca6c7c00173e34e4ba57448f0688bb681b7c5e8bf4971daafc093d69a"
            ],
            "markers": "python_version >= '3.7'",
            "version": "==2.4"
        }
    },
    "develop": {}
}
