{
    "_meta": {
        "hash": {
            "sha256": "53863bcd29aa4afac1596c2a4c24788a8ca854d540a38adac3e3efa85b7964aa"
        },
        "pipfile-spec": 6,
        "requires": {
            "python_version": "3.9"
        },
        "sources": [
            {
                "name": "pypi",
                "url": "https://pypi.org/simple",
                "verify_ssl": true
            }
        ]
    },
    "default": {
        "beautifulsoup4": {
            "hashes": [
                "sha256:492bbc69dca35d12daac71c4db1bfff0c876c00ef4a2ffacce226d4638eb72da",
                "sha256:bd2520ca0d9d7d12694a53d44ac482d181b4ec1888909b035a3dbf40d0f57d4a"
            ],
            "index": "pypi",
            "version": "==4.12.2"
        },
        "soupsieve": {
            "hashes": [
                "sha256:49e5368c2cda80ee7e84da9dbe3e110b70a4575f196efb74e51b94549d921955",
                "sha256:e28dba9ca6c7c00173e34e4ba57448f0688bb681b7c5e8bf4971daafc093d69a"
            ],
            "markers": "python_version >= '3.7'",
            "version": "==2.4"
        },
        "xmltodict": {
            "hashes": [
                "sha256:341595a488e3e01a85a9d8911d8912fd922ede5fecc4dce437eb4b6c8d037e56",
                "sha256:aa89e8fd76320154a40d19a0df04a4695fb9dc5ba977cbb68ab3e4eb225e7852"
            ],
            "index": "pypi",
            "version": "==0.13.0"
        }
    },
    "develop": {}
}
