{
    "_meta": {
        "hash": {
            "sha256": "53863bcd29aa4afac1596c2a4c24788a8ca854d540a38adac3e3efa85b7964aa"
        },
        "pipfile-spec": 6,
        "requires": {
            "python_version": "3.9"
        },
        "sources": [
            {
                "name": "pypi",
                "url": "https://pypi.org/simple",
                "verify_ssl": true
            }
        ]
    },
    "default": {
        "beautifulsoup4": {
            "hashes": [
                "sha256:aee96fbccdf2d2a8d1288b2afa51fc76bb60823b7881a50fb1ed5f711d1a7d73",
                "sha256:e6150e53c8a52fd4f3b9b28839f8f0fb7c7f029d3c953a50b1762b0947c3cf85"
            ],
            "index": "pypi",
            "markers": "python_full_version >= '3.7.0'",
            "version": "==4.14.0"
        },
        "soupsieve": {
            "hashes": [
                "sha256:0cc76456a30e20f5d7f2e14a98a4ae2ee4e5abdc7c5ea0aafe795f344bc7984c",
                "sha256:e2dd4a40a628cb5f28f6d4b0db8800b8f581b65bb380b97de22ba5ca8d72572f"
            ],
            "markers": "python_version >= '3.9'",
            "version": "==2.8"
        },
        "typing-extensions": {
            "hashes": [
                "sha256:0cea48d173cc12fa28ecabc3b837ea3cf6f38c6d1136f85cbaaf598984861466",
                "sha256:f0fa19c6845758ab08074a0cfa8b7aecb71c999ca73d62883bc25cc018c4e548"
            ],
            "markers": "python_version >= '3.9'",
            "version": "==4.15.0"
        },
        "xmltodict": {
            "hashes": [
                "sha256:54306780b7c2175a3967cad1db92f218207e5bc1aba697d887807c0fb68b7649",
                "sha256:62d0fddb0dcbc9f642745d8bbf4d81fd17d6dfaec5a15b5c1876300aad92af0d"
            ],
            "index": "pypi",
            "markers": "python_version >= '3.9'",
            "version": "==1.0.2"
        }
    },
    "develop": {}
}
