{
    "_meta": {
        "hash": {
            "sha256": "d17255386b23cac7f04a811981c372876fcbc2b97296c262a0aa572d4bac55e6"
        },
        "pipfile-spec": 6,
        "requires": {
            "python_version": "3.7"
        },
        "sources": [
            {
                "name": "pypi",
                "url": "https://pypi.org/simple",
                "verify_ssl": true
            }
        ]
    },
    "default": {
        "emoji": {
            "hashes": [
                "sha256:8d8b5dec3c507444b58890e598fc895fcec022b3f5acb49497c6ccc5208b8b00",
                "sha256:a8468fd836b7ecb6d1eac054c9a591701ce0ccd6c6f7779ad71b66f76664df90"
            ],
            "index": "pypi",
            "version": "==2.8.0"
        }
    },
    "develop": {}
}
