{
    "_meta": {
        "hash": {
            "sha256": "d17255386b23cac7f04a811981c372876fcbc2b97296c262a0aa572d4bac55e6"
        },
        "pipfile-spec": 6,
        "requires": {
            "python_version": "3.7"
        },
        "sources": [
            {
                "name": "pypi",
                "url": "https://pypi.org/simple",
                "verify_ssl": true
            }
        ]
    },
    "default": {
        "emoji": {
            "hashes": [
                "sha256:8e5ec80f56dd1fe38f4c4847b9ea6f18d4ad94d0b8dd135b0b2355ddf56d6d62"
            ],
            "index": "pypi",
            "version": "==2.5.1"
        }
    },
    "develop": {}
}
