{
    "_meta": {
        "hash": {
            "sha256": "9fdbb09525e24215188df82159fffdfbc274f5376bd28468cd043fca3f3ae59d"
        },
        "pipfile-spec": 6,
        "requires": {
            "python_version": "3.9"
        },
        "sources": [
            {
                "name": "pypi",
                "url": "https://pypi.org/simple",
                "verify_ssl": true
            }
        ]
    },
    "default": {
        "certifi": {
            "hashes": [
                "sha256:1275f7a45be9464efc1173084eaa30f866fe2e47d389406136d332ed4967ec56",
                "sha256:b650d30f370c2b724812bee08008be0c4163b163ddaec3f2546c1caf65f191db"
            ],
            "markers": "python_version >= '3.6'",
            "version": "==2024.12.14"
        },
        "elastic-transport": {
            "hashes": [
                "sha256:9cac4ab5cf9402668cf305ae0b7d93ddc0c7b61461d6d1027850db6da9cc5742",
                "sha256:b5e82ff1679d8c7705a03fd85c7f6ef85d6689721762d41228dd312e34f331fc"
            ],
            "markers": "python_version >= '3.8'",
            "version": "==8.15.1"
        },
        "elasticsearch": {
            "hashes": [
                "sha256:15965240fe297279f0e68b260936d9ced9606aa7ef8910b9b56727f96ef00d5b",
                "sha256:c1069bf2204ba8fab29ff00b2ce6b37324b2cc6ff593283b97df43426ec13053"
            ],
            "index": "pypi",
            "markers": "python_version >= '3.8'",
            "version": "==8.17.0"
        },
        "elasticsearch-dsl": {
            "hashes": [
                "sha256:2096d196d473e0b11c3b190d0f1d5896e05d52c302c4170b29d3262d1164d555",
                "sha256:c204218175462d108a84fb913371e45d3f49e9dd711ca26ec7ed89ab4e8f287d"
            ],
            "index": "pypi",
            "markers": "python_version >= '3.8'",
            "version": "==8.17.0"
        },
        "opensearch-dsl": {
            "hashes": [
                "sha256:745fd4b05934b764f3ebca0dd9b1e7bd9b5934fcbb6c620d7087d24bcc8241c7",
                "sha256:aee9199b3fee8a572bc476e22be44d8acafbef8f1b777a51fac898623f125b56"
            ],
            "index": "pypi",
            "version": "==1.0.0"
        },
        "opensearch-py": {
            "hashes": [
                "sha256:7d0c41cea61fedc34542be7fb9169931360134cf823c596f719106c3bd8466fe",
                "sha256:cb573546fb373dac8091be9b8eac2ba8da277713eea4b50b4a49ccd30dec25f1"
            ],
            "index": "pypi",
            "version": "==1.1.0"
        },
        "python-dateutil": {
            "hashes": [
                "sha256:37dd54208da7e1cd875388217d5e00ebd4179249f90fb72437e91a35459a0ad3",
                "sha256:a8b2bc7bffae282281c8140a97d3aa9c14da0b136dfe83f850eea9a5f7470427"
            ],
            "markers": "python_version >= '2.7' and python_version not in '3.0, 3.1, 3.2, 3.3'",
            "version": "==2.9.0.post0"
        },
        "six": {
            "hashes": [
                "sha256:4721f391ed90541fddacab5acf947aa0d3dc7d27b2e1e8eda2be8970586c3274",
                "sha256:ff70335d468e7eb6ec65b95b99d3a2836546063f63acc5171de367e834932a81"
            ],
            "markers": "python_version >= '2.7' and python_version not in '3.0, 3.1, 3.2, 3.3'",
            "version": "==1.17.0"
        },
        "typing-extensions": {
            "hashes": [
                "sha256:04e5ca0351e0f3f85c6853954072df659d0d13fac324d0072316b67d7794700d",
                "sha256:1a7ead55c7e559dd4dee8856e3a88b41225abfe1ce8df57b7c13915fe121ffb8"
            ],
            "markers": "python_version >= '3.8'",
            "version": "==4.12.2"
        },
        "urllib3": {
            "hashes": [
                "sha256:0ed14ccfbf1c30a9072c7ca157e4319b70d65f623e91e7b32fadb2853431016e",
                "sha256:40c2dc0c681e47eb8f90e7e27bf6ff7df2e677421fd46756da1161c39ca70d32"
            ],
            "markers": "python_version < '3.10'",
            "version": "==1.26.20"
        }
    },
    "develop": {}
}
