{
    "_meta": {
        "hash": {
            "sha256": "9bab18148e0e0e3e04449dab9b1b67d18e26a046648a3d77bd04ca090700fc61"
        },
        "pipfile-spec": 6,
        "requires": {
            "python_version": "3.9"
        },
        "sources": [
            {
                "name": "pypi",
                "url": "https://pypi.org/simple",
                "verify_ssl": true
            }
        ]
    },
    "default": {
        "exifread": {
            "hashes": [
                "sha256:5c7c9b0f1be18908db422acf9cfb4ec353828fc62ae45a3ebf9e9e16bb028765",
                "sha256:be97486f8136344764e2998f2a321ed41e1bb09c89fa9b5f5a5ab3079f26169a"
            ],
            "index": "pypi",
            "markers": "python_version >= '3.7'",
            "version": "==3.3.0"
        }
    },
    "develop": {}
}
