{
    "_meta": {
        "hash": {
            "sha256": "9bab18148e0e0e3e04449dab9b1b67d18e26a046648a3d77bd04ca090700fc61"
        },
        "pipfile-spec": 6,
        "requires": {
            "python_version": "3.9"
        },
        "sources": [
            {
                "name": "pypi",
                "url": "https://pypi.org/simple",
                "verify_ssl": true
            }
        ]
    },
    "default": {
        "exifread": {
            "hashes": [
                "sha256:9f998f80d3062741c976dfc4fd033424bc40932937994e4d2181eb70c4b6aedd",
                "sha256:e5426ce2857423ad401e575ea9d159dc97449dc041fb6e61b35109caea72c311"
            ],
            "index": "pypi",
            "markers": "python_version >= '3.7'",
            "version": "==3.5.1"
        }
    },
    "develop": {}
}
