{
    "_meta": {
        "hash": {
            "sha256": "9bab18148e0e0e3e04449dab9b1b67d18e26a046648a3d77bd04ca090700fc61"
        },
        "pipfile-spec": 6,
        "requires": {
            "python_version": "3.9"
        },
        "sources": [
            {
                "name": "pypi",
                "url": "https://pypi.org/simple",
                "verify_ssl": true
            }
        ]
    },
    "default": {
        "exifread": {
            "hashes": [
                "sha256:21a15d068642b850cfe2b4d584b90be99b8a83b70eeff9b8c34184add73dcb2c",
                "sha256:dc7f8da77396709ca414a0eee1c262902f713afc9c043baa8b82337d76306ffc"
            ],
            "index": "pypi",
            "markers": "python_version >= '3.7'",
            "version": "==3.4.0"
        }
    },
    "develop": {}
}
