{
    "_meta": {
        "hash": {
            "sha256": "83917596f12004fb0a8937ef9b63a219f46e515443e73b0d2248c66f1f713952"
        },
        "pipfile-spec": 6,
        "requires": {
            "python_version": "3.8"
        },
        "sources": [
            {
                "name": "pypi",
                "url": "https://pypi.org/simple",
                "verify_ssl": true
            }
        ]
    },
    "default": {
        "xlsxwriter": {
            "hashes": [
                "sha256:2087abdaa4a5e981a3ae50b5c21ff1adae59c8fecb6157808585fc169a6bfcd9",
                "sha256:fc3838232f9f50763c1e81a3b381c6ad559dcdcd0983ee239bf54556392b4f3f"
            ],
            "index": "pypi",
            "markers": "python_version >= '3.6'",
            "version": "==3.1.6"
        }
    },
    "develop": {}
}
