{
    "_meta": {
        "hash": {
            "sha256": "83917596f12004fb0a8937ef9b63a219f46e515443e73b0d2248c66f1f713952"
        },
        "pipfile-spec": 6,
        "requires": {
            "python_version": "3.8"
        },
        "sources": [
            {
                "name": "pypi",
                "url": "https://pypi.org/simple",
                "verify_ssl": true
            }
        ]
    },
    "default": {
        "xlsxwriter": {
            "hashes": [
                "sha256:27eba7b0f9a9ba2b091d5e77f0003a327e022a5fe3e24ee95a5fe5b75784cf45",
                "sha256:a6d95556f96d6908885523554b3a468d74a711010d0a25b63d47e9ef4ba3bb94"
            ],
            "index": "pypi",
            "markers": "python_version >= '3.6'",
            "version": "==3.1.5"
        }
    },
    "develop": {}
}
