{
    "_meta": {
        "hash": {
            "sha256": "83917596f12004fb0a8937ef9b63a219f46e515443e73b0d2248c66f1f713952"
        },
        "pipfile-spec": 6,
        "requires": {
            "python_version": "3.8"
        },
        "sources": [
            {
                "name": "pypi",
                "url": "https://pypi.org/simple",
                "verify_ssl": true
            }
        ]
    },
    "default": {
        "xlsxwriter": {
            "hashes": [
                "sha256:353042efb0f8551ce72baa087e98228f3394fcb380e8b96313edf1eec8d50823",
                "sha256:8c730c4beb468696c4160aa1d6d168fb4c1a20dd972b212cd8cc1e74ddeab1b6"
            ],
            "index": "pypi",
            "markers": "python_version >= '3.6'",
            "version": "==3.1.7"
        }
    },
    "develop": {}
}
