{
    "_meta": {
        "hash": {
            "sha256": "2da62440567e8abed777663558f4c7892bd6dac0b87f0ba8077e557bacf9e314"
        },
        "pipfile-spec": 6,
        "requires": {
            "python_version": "3.8"
        },
        "sources": [
            {
                "name": "pypi",
                "url": "https://pypi.org/simple",
                "verify_ssl": true
            }
        ]
    },
    "default": {
        "certifi": {
            "hashes": [
                "sha256:0f0d56dc5a6ad56fd4ba36484d6cc34451e1c6548c61daad8c320169f91eddc7",
                "sha256:c6c2e98f5c7869efca1f8916fed228dd91539f9f1b444c314c06eef02980c716"
            ],
            "markers": "python_version >= '3.6'",
            "version": "==2023.5.7"
        },
        "minio": {
            "hashes": [
                "sha256:1afdf01c1bc8b57ddd12d438e3e168d625465b56f4d1c2af7576744c688e84c6",
                "sha256:fcf8ac2cef310d5ddff2bef2c42f4e5a8bb546b87bca5bf8832135db054ca4e1"
            ],
            "index": "pypi",
            "version": "==7.1.15"
        },
        "urllib3": {
            "hashes": [
                "sha256:61717a1095d7e155cdb737ac7bb2f4324a858a1e2e6466f6d03ff630ca68d3cc",
                "sha256:d055c2f9d38dc53c808f6fdc8eab7360b6fdbbde02340ed25cfbcd817c62469e"
            ],
            "markers": "python_version >= '3.7'",
            "version": "==2.0.2"
        }
    },
    "develop": {}
}
