{
    "_meta": {
        "hash": {
            "sha256": "1949a953f777b472fce29962a5da7ca1b6b96fa3a75f9cd03f3ef63a3563ff3b"
        },
        "pipfile-spec": 6,
        "requires": {
            "python_version": "3.9"
        },
        "sources": [
            {
                "name": "pypi",
                "url": "https://pypi.org/simple",
                "verify_ssl": true
            }
        ]
    },
    "default": {
        "blinker": {
            "hashes": [
                "sha256:4afd3de66ef3a9f8067559fb7a1cbe555c17dcbe15971b05d1b625c3e7abe213",
                "sha256:c3d739772abb7bc2860abf5f2ec284223d9ad5c76da018234f6f50d6f31ab1f0"
            ],
            "markers": "python_version >= '3.7'",
            "version": "==1.6.2"
        },
        "click": {
            "hashes": [
                "sha256:ae74fb96c20a0277a1d615f1e4d73c8414f5a98db8b799a7931d1582f3390c28",
                "sha256:ca9853ad459e787e2192211578cc907e7594e294c7ccc834310722b41b9ca6de"
            ],
            "markers": "python_version >= '3.7'",
            "version": "==8.1.7"
        },
        "flask": {
            "hashes": [
                "sha256:09c347a92aa7ff4a8e7f3206795f30d826654baf38b873d0744cd571ca609efc",
                "sha256:f69fcd559dc907ed196ab9df0e48471709175e696d6e698dd4dbe940f96ce66b"
            ],
            "index": "pypi",
            "version": "==2.3.3"
        },
        "gevent": {
            "hashes": [
                "sha256:036cfaf14f90bd8aa57fce4a875693d3712c446371f3812eb113860f7393f670",
                "sha256:1bdd383c77a47e041844a17cb43c15c2e1e0b2749fc85d4a2cff14307044b78a",
                "sha256:1cb0ec13cace36c38ec4648a78ad93192f45981d1e79f029d456f8305a2ca2bb",
                "sha256:29d05fa5e566d04ca509d2c25b15f5e9b123cac4f2f96bb85e110740860e107f",
                "sha256:2f31e40ecf11e19150c11bf6b2977050360020ae6086d4c21f94455e3d0222ee",
                "sha256:347c60704fa8b6b3110a376facc69ae405ab4d8a71cb1012f2de24e8059a080b",
                "sha256:43800850e138913557c96e4a45f86e017b52e5bc63d14395ffd73ebff26e0031",
                "sha256:450cdc9a99c665049eaea2257d3b9c7e1cf9a5a699901b1dfc85f1061e6d6cf2",
                "sha256:4e0ad8db3711e56c40d37a1b80c61a27f7523de33c5338498ceb453f837a3368",
                "sha256:5a8e5660925285b7befb1ecbecc8d44a0e91cdec2b1eebc24006cec564ab8ec5",
                "sha256:5f8c584b946f1b476f23bf03b64c4e21f8e6273faa8cf8c91e199491dc1a2b2e",
                "sha256:61cbe95833751648fae1aa62d50d386fac71658f57ffa76b3140056f5b305086",
                "sha256:63b906c23cc27343d74e605f3ce6ee60947b912737e50b5e1b1a56e6adb54ad6",
                "sha256:6cafc4b2e2f55f84acd52c909a2cfda6375e08c1c294536ced473947869f84e8",
                "sha256:702ca9a4b75f549c235da6ab9d43fc5261ee7aeaccc6de40f92c43917593ec7f",
                "sha256:7052c0daeb260730291a58c6e5cf3789735f8c937557e6a0231d4f46027771b1",
                "sha256:7135b10f82864e40d25e877419fa1f90f770dc568917513af0e5ba63910e0067",
                "sha256:7c82179a3b1783d0ecf2a11e2040f4f12d7e1925c31e888fe69217cc4e2e21ba",
                "sha256:82449386e57237756b10f284cd51172edf4b3866ace143f60d196459aa411c32",
                "sha256:832dd696e7bd50c7f141c3af0f9470bc67128152df040580d39c22084d9bb3a5",
                "sha256:88cada934c24de811df209d4d5d0cbb78f88a9c3f06ba491ff08c19f6625f9fa",
                "sha256:8e5ad1016f7699b6b22186509c64d1b1fcf4df179420062adfebf22fc48bad32",
                "sha256:9c59dd3aab086092510860a5c9d237429181cca96e684ba052d27e6a45c78345",
                "sha256:b3154899cc60ae1814fb232b6055f8286d7825250d9e3fb06c4f52be126e46cd",
                "sha256:b43cbe919a22c1b640152ba828dbb72b3b0b600714a481a0240884afe680ae28",
                "sha256:b59c8e7c19b12d04be133b0cea311239069e816e5a7aefc871f3984ba3bcbfb0",
                "sha256:b661ead80588352ba94fd55f64432e1eb9a55a259c3a68872377e3c90b087939",
                "sha256:cd8762bae8633da18884074a3b7ea1384c1c64131ae6e36ecc927675df258e1f",
                "sha256:cfcbd6cc35449d9346234227d90253bfc2c015027e6b076b9c205633ca7e7ad9",
                "sha256:e810fc35e4bb8e90fb6771b7f4694e0baf6ce28d1e4740afc4133834eca8b219",
                "sha256:e940d31f737925d084bcf2b593e0ba04ade04c9cd21a6230b79081af0cd8fb23",
                "sha256:e98cc6262b20471285f8d81e14155d0d4c2a186d31d49b48b71ab5ba6f24d687",
                "sha256:ec53625dc995086f27bf49be425f3111a8105e04385830266c021c541bd23998",
                "sha256:ee11cd11ee7fbe5215b6d37a9eb32a49fd210540d757648dd991128995e73575",
                "sha256:f3de1700459dc16cabaca4609ad83f7cd1371db445d30da1d4aee2e7674ea123",
                "sha256:f5f51f6fb68e8c47a02b9c16634bbd9b43b2ff6a66c52c71e6a406dd6b07c80c",
                "sha256:fa9bb5133bd50e46d3a8445eb8da829150212d6addfac6c89a2298281e5b884d",
                "sha256:fb2701b751f36c39d1dd4dbcc4702089f198673ebe3bcafe3497af6026dbcdfe",
                "sha256:ff03881d6b30efb33c110188d6d5c1c10fb09ab299e5ef78db57ae5fc057ea9a"
            ],
            "index": "pypi",
            "markers": "python_version >= '3.9'",
            "version": "==25.4.1"
        },
        "greenlet": {
            "hashes": [
                "sha256:0010e928e1901d36625f21d008618273f9dda26b516dbdecf873937d39c9dff0",
                "sha256:04e781447a4722e30b4861af728cb878d73a3df79509dc19ea498090cea5d204",
                "sha256:0e14541f9024a280adb9645143d6a0a51fda6f7c5695fd96cb4d542bb563442f",
                "sha256:144283ad88ed77f3ebd74710dd419b55dd15d18704b0ae05935766a93f5671c5",
                "sha256:17fd241c0d50bacb7ce8ff77a30f94a2d0ca69434ba2e0187cf95a5414aeb7e1",
                "sha256:18adc14ab154ca6e53eecc9dc50ff17aeb7ba70b7e14779b26e16d71efa90038",
                "sha256:199453d64b02d0c9d139e36d29681efd0e407ed8e2c0bf89d88878d6a787c28f",
                "sha256:1cf89e2d92bae0d7e2d6093ce0bed26feeaf59a5d588e3984e35fcd46fc41090",
                "sha256:1d2d43bd711a43db8d9b9187500e6432ddb4fafe112d082ffabca8660a9e01a7",
                "sha256:1dcb1108449b55ff6bc0edac9616468f71db261a4571f27c47ccf3530a7f8b97",
                "sha256:211a9721f540e454a02e62db7956263e9a28a6cf776d4b9a7213844e36426333",
                "sha256:23f56a0103deb5570c8d6a0bb4ddf8a7a28931973ad7ed7a883460a67e599b32",
                "sha256:2688b3bd3198cc4bad7a79648a95fee088c24a0f6abd05d3639e6c3040ded015",
                "sha256:2919b126eeb63ca5fa971501cd20cd6cdb5522369a8e39548bbc73a3e10b8b41",
                "sha256:29449a2b82ed7ce11f8668c31ef20d31e9d88cd8329eb933098fab5a8608a93a",
                "sha256:2b986f1a6467710e7ffeeeac1777da0318c95bbfcc467acbd0bd35abc775f558",
                "sha256:33ea7e7269d6f7275ce31f593d6dcfedd97539c01f63fbdc8d84e493e20b1b2c",
                "sha256:397b6bbda06f8fe895893d96218cd6f6d855a6701dc45012ebe12262423cec8b",
                "sha256:39801e633a978c3f829f21022501e7b0c3872683d7495c1850558d1a6fb95ed0",
                "sha256:4174fa6fa214e8924cedf332b6f2395ba2b9879f250dacd3c361b2fca86f58af",
                "sha256:430cba962c85e339767235a93450a6aaffed6f9c567e73874ea2075f5aae51e1",
                "sha256:47aeadd1e8fbdef8fdceb8fb4edc0cbb398a57568d56fd68f2bc00d0d809e6b6",
                "sha256:58ef3d637c54e2f079064ca936556c4af3989144e4154d80cfd4e2a59fc3769c",
                "sha256:598da3bd464c2cc411b723e3d4afc27b13c219ac077ba897bac88443ae45f5ec",
                "sha256:5be69cd50994b8465c3ad1467f9e63001f76e53a89440ad4440d1b6d52591280",
                "sha256:5e57ff52315bfc0c5493917f328b8ba3ae0c0515d94524453c4d24e7638cbb53",
                "sha256:6005f7a86de836a1dc4b8d824a2339cdd5a1ca7cb1af55ea92575401f9952f4c",
                "sha256:6017a4d430fad5229e397ad464db504ae70cb7b903757c4688cee6c25d6ce8d8",
                "sha256:60e77242e38e99ecaede853755bbd8165e0b20a2f1f3abcaa6f0dceb826a7411",
                "sha256:6fad8a9ca98b37951a053d7d2d2553569b151cd8c4ede744806b94d50d7f8f73",
                "sha256:7154b13ef87a8b62fc05419f12d75532d7783586ad016c57b5de8a1c6feeb517",
                "sha256:78b721dfadc60e3639141c0e1f19d23953c5b4b98bfcaf04ce40f79e4f01751c",
                "sha256:7b162de2fb61b4c7f4b5d749408bf3280cae65db9b5a6aaf7f922ac829faa67c",
                "sha256:7b17a26abc6a1890bf77d5d6b71c0999705386b00060d15c10b8182679ff2790",
                "sha256:7d08b88ee8d506ca1f5b2a58744e934d33c6a1686dd83b81e7999dfc704a912f",
                "sha256:7f163d04f777e7bd229a50b937ecc1ae2a5b25296e6001445e5433e4f51f5191",
                "sha256:7fee6f518868e8206c617f4084a83ad4d7a3750b541bf04e692dfa02e52e805d",
                "sha256:82a68a25a08f51fc8b66b113d1d9863ee123cdb0e8f1439aed9fc795cd6f85cf",
                "sha256:844acfd479ee380f3810415e682c9ee941725fb90b45e139bb7fd6f85c6c9a30",
                "sha256:8a8940a8d301828acd8b9f3f85db23069a692ff2933358861b19936e29946b95",
                "sha256:8b3538711e7c0efd5f7a8fc1096c4db9598d6ed99dc87286b31e4ce9f8a8da67",
                "sha256:8fd2583024ff6cd5d4f842d446d001de4c4fe1264fdb5f28ddea28f6488866df",
                "sha256:a0bc5776ac2831c022e029839bf1b9d3052332dcf5f431bb88c8503e27398e31",
                "sha256:b2392cc41eeed4055978c6b52549ccd9effd263bb780ffd639c0e1e7e2055ab0",
                "sha256:b7a7b7f2bad3ca72eb2fa14643f1c4ca11d115614047299d89bc24a3b11ddd09",
                "sha256:b86a3ccc865ae601f446af042707b749eebc297928ea7bd0c5f60c56525850be",
                "sha256:b99de16560097b9984409ded0032f101f9555e1ab029440fc6a8b5e76dbba7ac",
                "sha256:cd37273dc7ca1d5da149b58c8b3ce0711181672ba1b09969663905a765affe21",
                "sha256:ce531d7c424ef327a391de7a9777a6c93a38e1f89e18efa903a1c4ba11f85905",
                "sha256:d3f32d7c70b1c26844fd0e4e56a1da852b493e4e1c30df7b07274a1e5a9b599e",
                "sha256:d97bc1be4bad83b70d8b8627ada6724091af41139616696e59b7088f358583b9",
                "sha256:e61d426969b68b2170a9f853cc36d5318030494576e9ec0bfe2dc2e2afa15a68",
                "sha256:e8622b33d8694ec373ad55050c3d4e49818132b44852158442e1931bb02af336",
                "sha256:e8ac9a2c20fbff3d0b853e9ef705cdedb70d9276af977d1ec1cde86a87a4c821",
                "sha256:ee59db626760f1ca8da697a086454210d36a19f7abecc9922a2374c04b47735b"
            ],
            "markers": "python_version >= '3.9'",
            "version": "==3.2.0"
        },
        "importlib-metadata": {
            "hashes": [
                "sha256:3ebb78df84a805d7698245025b975d9d67053cd94c79245ba4b3eb694abe68bb",
                "sha256:dbace7892d8c0c4ac1ad096662232f831d4e64f4c4545bd53016a3e9d4654743"
            ],
            "markers": "python_version < '3.10'",
            "version": "==6.8.0"
        },
        "itsdangerous": {
            "hashes": [
                "sha256:2c2349112351b88699d8d4b6b075022c0808887cb7ad10069318a8b0bc88db44",
                "sha256:5dbbc68b317e5e42f327f9021763545dc3fc3bfe22e6deb96aaf1fc38874156a"
            ],
            "markers": "python_version >= '3.7'",
            "version": "==2.1.2"
        },
        "jinja2": {
            "hashes": [
                "sha256:31351a702a408a9e7595a8fc6150fc3f43bb6bf7e319770cbc0db9df9437e852",
                "sha256:6088930bfe239f0e6710546ab9c19c9ef35e29792895fed6e6e31a023a182a61"
            ],
            "markers": "python_version >= '3.7'",
            "version": "==3.1.2"
        },
        "markupsafe": {
            "hashes": [
                "sha256:05fb21170423db021895e1ea1e1f3ab3adb85d1c2333cbc2310f2a26bc77272e",
                "sha256:0a4e4a1aff6c7ac4cd55792abf96c915634c2b97e3cc1c7129578aa68ebd754e",
                "sha256:10bbfe99883db80bdbaff2dcf681dfc6533a614f700da1287707e8a5d78a8431",
                "sha256:134da1eca9ec0ae528110ccc9e48041e0828d79f24121a1a146161103c76e686",
                "sha256:14ff806850827afd6b07a5f32bd917fb7f45b046ba40c57abdb636674a8b559c",
                "sha256:1577735524cdad32f9f694208aa75e422adba74f1baee7551620e43a3141f559",
                "sha256:1b40069d487e7edb2676d3fbdb2b0829ffa2cd63a2ec26c4938b2d34391b4ecc",
                "sha256:1b8dd8c3fd14349433c79fa8abeb573a55fc0fdd769133baac1f5e07abf54aeb",
                "sha256:1f67c7038d560d92149c060157d623c542173016c4babc0c1913cca0564b9939",
                "sha256:282c2cb35b5b673bbcadb33a585408104df04f14b2d9b01d4c345a3b92861c2c",
                "sha256:2c1b19b3aaacc6e57b7e25710ff571c24d6c3613a45e905b1fde04d691b98ee0",
                "sha256:2ef12179d3a291be237280175b542c07a36e7f60718296278d8593d21ca937d4",
                "sha256:338ae27d6b8745585f87218a3f23f1512dbf52c26c28e322dbe54bcede54ccb9",
                "sha256:3c0fae6c3be832a0a0473ac912810b2877c8cb9d76ca48de1ed31e1c68386575",
                "sha256:3fd4abcb888d15a94f32b75d8fd18ee162ca0c064f35b11134be77050296d6ba",
                "sha256:42de32b22b6b804f42c5d98be4f7e5e977ecdd9ee9b660fda1a3edf03b11792d",
                "sha256:47d4f1c5f80fc62fdd7777d0d40a2e9dda0a05883ab11374334f6c4de38adffd",
                "sha256:504b320cd4b7eff6f968eddf81127112db685e81f7e36e75f9f84f0df46041c3",
                "sha256:525808b8019e36eb524b8c68acdd63a37e75714eac50e988180b169d64480a00",
                "sha256:56d9f2ecac662ca1611d183feb03a3fa4406469dafe241673d521dd5ae92a155",
                "sha256:5bbe06f8eeafd38e5d0a4894ffec89378b6c6a625ff57e3028921f8ff59318ac",
                "sha256:65c1a9bcdadc6c28eecee2c119465aebff8f7a584dd719facdd9e825ec61ab52",
                "sha256:68e78619a61ecf91e76aa3e6e8e33fc4894a2bebe93410754bd28fce0a8a4f9f",
                "sha256:69c0f17e9f5a7afdf2cc9fb2d1ce6aabdb3bafb7f38017c0b77862bcec2bbad8",
                "sha256:6b2b56950d93e41f33b4223ead100ea0fe11f8e6ee5f641eb753ce4b77a7042b",
                "sha256:715d3562f79d540f251b99ebd6d8baa547118974341db04f5ad06d5ea3eb8007",
                "sha256:787003c0ddb00500e49a10f2844fac87aa6ce977b90b0feaaf9de23c22508b24",
                "sha256:7ef3cb2ebbf91e330e3bb937efada0edd9003683db6b57bb108c4001f37a02ea",
                "sha256:8023faf4e01efadfa183e863fefde0046de576c6f14659e8782065bcece22198",
                "sha256:8758846a7e80910096950b67071243da3e5a20ed2546e6392603c096778d48e0",
                "sha256:8afafd99945ead6e075b973fefa56379c5b5c53fd8937dad92c662da5d8fd5ee",
                "sha256:8c41976a29d078bb235fea9b2ecd3da465df42a562910f9022f1a03107bd02be",
                "sha256:8e254ae696c88d98da6555f5ace2279cf7cd5b3f52be2b5cf97feafe883b58d2",
                "sha256:8f9293864fe09b8149f0cc42ce56e3f0e54de883a9de90cd427f191c346eb2e1",
                "sha256:9402b03f1a1b4dc4c19845e5c749e3ab82d5078d16a2a4c2cd2df62d57bb0707",
                "sha256:962f82a3086483f5e5f64dbad880d31038b698494799b097bc59c2edf392fce6",
                "sha256:9aad3c1755095ce347e26488214ef77e0485a3c34a50c5a5e2471dff60b9dd9c",
                "sha256:9dcdfd0eaf283af041973bff14a2e143b8bd64e069f4c383416ecd79a81aab58",
                "sha256:aa57bd9cf8ae831a362185ee444e15a93ecb2e344c8e52e4d721ea3ab6ef1823",
                "sha256:aa7bd130efab1c280bed0f45501b7c8795f9fdbeb02e965371bbef3523627779",
                "sha256:ab4a0df41e7c16a1392727727e7998a467472d0ad65f3ad5e6e765015df08636",
                "sha256:ad9e82fb8f09ade1c3e1b996a6337afac2b8b9e365f926f5a61aacc71adc5b3c",
                "sha256:af598ed32d6ae86f1b747b82783958b1a4ab8f617b06fe68795c7f026abbdcad",
                "sha256:b076b6226fb84157e3f7c971a47ff3a679d837cf338547532ab866c57930dbee",
                "sha256:b7ff0f54cb4ff66dd38bebd335a38e2c22c41a8ee45aa608efc890ac3e3931bc",
                "sha256:bfce63a9e7834b12b87c64d6b155fdd9b3b96191b6bd334bf37db7ff1fe457f2",
                "sha256:c011a4149cfbcf9f03994ec2edffcb8b1dc2d2aede7ca243746df97a5d41ce48",
                "sha256:c9c804664ebe8f83a211cace637506669e7890fec1b4195b505c214e50dd4eb7",
                "sha256:ca379055a47383d02a5400cb0d110cef0a776fc644cda797db0c5696cfd7e18e",
                "sha256:cb0932dc158471523c9637e807d9bfb93e06a95cbf010f1a38b98623b929ef2b",
                "sha256:cd0f502fe016460680cd20aaa5a76d241d6f35a1c3350c474bac1273803893fa",
                "sha256:ceb01949af7121f9fc39f7d27f91be8546f3fb112c608bc4029aef0bab86a2a5",
                "sha256:d080e0a5eb2529460b30190fcfcc4199bd7f827663f858a226a81bc27beaa97e",
                "sha256:dd15ff04ffd7e05ffcb7fe79f1b98041b8ea30ae9234aed2a9168b5797c3effb",
                "sha256:df0be2b576a7abbf737b1575f048c23fb1d769f267ec4358296f31c2479db8f9",
                "sha256:e09031c87a1e51556fdcb46e5bd4f59dfb743061cf93c4d6831bf894f125eb57",
                "sha256:e4dd52d80b8c83fdce44e12478ad2e85c64ea965e75d66dbeafb0a3e77308fcc",
                "sha256:f698de3fd0c4e6972b92290a45bd9b1536bffe8c6759c62471efaa8acb4c37bc",
                "sha256:fec21693218efe39aa7f8599346e90c705afa52c5b31ae019b2e57e8f6542bb2",
                "sha256:ffcc3f7c66b5f5b7931a5aa68fc9cecc51e685ef90282f4a82f0f5e9b704ad11"
            ],
            "markers": "python_version >= '3.7'",
            "version": "==2.1.3"
        },
        "netaddr": {
            "hashes": [
                "sha256:9822305b42ea1020d54fee322d43cee5622b044c07a1f0130b459bb467efcf88",
                "sha256:f4da4222ca8c3f43c8e18a8263e5426c750a3a837fdfeccf74c68d0408eaa3bf"
            ],
            "index": "pypi",
            "version": "==0.10.1"
        },
        "setuptools": {
            "hashes": [
                "sha256:18fd474d4a82a5f83dac888df697af65afa82dec7323d09c3e37d1f14288da54",
                "sha256:3e386e96793c8702ae83d17b853fb93d3e09ef82ec62722e61da5cd22376dcd8"
            ],
            "markers": "python_version >= '3.9'",
            "version": "==78.1.0"
        },
        "werkzeug": {
            "hashes": [
                "sha256:2b8c0e447b4b9dbcc85dd97b6eeb4dcbaf6c8b6c3be0bd654e25553e0a2157d8",
                "sha256:effc12dba7f3bd72e605ce49807bbe692bd729c3bb122a3b91747a6ae77df528"
            ],
            "markers": "python_version >= '3.8'",
            "version": "==2.3.7"
        },
        "zipp": {
            "hashes": [
                "sha256:0e923e726174922dce09c53c59ad483ff7bbb8e572e00c7f7c46b88556409f31",
                "sha256:84e64a1c28cf7e91ed2078bb8cc8c259cb19b76942096c8d7b84947690cabaf0"
            ],
            "markers": "python_version >= '3.8'",
            "version": "==3.17.0"
        },
        "zope.event": {
            "hashes": [
                "sha256:2832e95014f4db26c47a13fdaef84cef2f4df37e66b59d8f1f4a8f319a632c26",
                "sha256:bac440d8d9891b4068e2b5a2c5e2c9765a9df762944bda6955f96bb9b91e67cd"
            ],
            "markers": "python_version >= '3.7'",
            "version": "==5.0"
        },
        "zope.interface": {
            "hashes": [
                "sha256:033b3923b63474800b04cba480b70f6e6243a62208071fc148354f3f89cc01b7",
                "sha256:05b910a5afe03256b58ab2ba6288960a2892dfeef01336dc4be6f1b9ed02ab0a",
                "sha256:086ee2f51eaef1e4a52bd7d3111a0404081dadae87f84c0ad4ce2649d4f708b7",
                "sha256:0ef9e2f865721553c6f22a9ff97da0f0216c074bd02b25cf0d3af60ea4d6931d",
                "sha256:1090c60116b3da3bfdd0c03406e2f14a1ff53e5771aebe33fec1edc0a350175d",
                "sha256:144964649eba4c5e4410bb0ee290d338e78f179cdbfd15813de1a664e7649b3b",
                "sha256:15398c000c094b8855d7d74f4fdc9e73aa02d4d0d5c775acdef98cdb1119768d",
                "sha256:1909f52a00c8c3dcab6c4fad5d13de2285a4b3c7be063b239b8dc15ddfb73bd2",
                "sha256:21328fcc9d5b80768bf051faa35ab98fb979080c18e6f84ab3f27ce703bce465",
                "sha256:224b7b0314f919e751f2bca17d15aad00ddbb1eadf1cb0190fa8175edb7ede62",
                "sha256:25e6a61dcb184453bb00eafa733169ab6d903e46f5c2ace4ad275386f9ab327a",
                "sha256:27f926f0dcb058211a3bb3e0e501c69759613b17a553788b2caeb991bed3b61d",
                "sha256:29caad142a2355ce7cfea48725aa8bcf0067e2b5cc63fcf5cd9f97ad12d6afb5",
                "sha256:2ad9913fd858274db8dd867012ebe544ef18d218f6f7d1e3c3e6d98000f14b75",
                "sha256:31d06db13a30303c08d61d5fb32154be51dfcbdb8438d2374ae27b4e069aac40",
                "sha256:3e0350b51e88658d5ad126c6a57502b19d5f559f6cb0a628e3dc90442b53dd98",
                "sha256:3f6771d1647b1fc543d37640b45c06b34832a943c80d1db214a37c31161a93f1",
                "sha256:4893395d5dd2ba655c38ceb13014fd65667740f09fa5bb01caa1e6284e48c0cd",
                "sha256:52e446f9955195440e787596dccd1411f543743c359eeb26e9b2c02b077b0519",
                "sha256:550f1c6588ecc368c9ce13c44a49b8d6b6f3ca7588873c679bd8fd88a1b557b6",
                "sha256:72cd1790b48c16db85d51fbbd12d20949d7339ad84fd971427cf00d990c1f137",
                "sha256:7bd449c306ba006c65799ea7912adbbfed071089461a19091a228998b82b1fdb",
                "sha256:7dc5016e0133c1a1ec212fc87a4f7e7e562054549a99c73c8896fa3a9e80cbc7",
                "sha256:802176a9f99bd8cc276dcd3b8512808716492f6f557c11196d42e26c01a69a4c",
                "sha256:80ecf2451596f19fd607bb09953f426588fc1e79e93f5968ecf3367550396b22",
                "sha256:8b49f1a3d1ee4cdaf5b32d2e738362c7f5e40ac8b46dd7d1a65e82a4872728fe",
                "sha256:8e7da17f53e25d1a3bde5da4601e026adc9e8071f9f6f936d0fe3fe84ace6d54",
                "sha256:a102424e28c6b47c67923a1f337ede4a4c2bba3965b01cf707978a801fc7442c",
                "sha256:a19a6cc9c6ce4b1e7e3d319a473cf0ee989cbbe2b39201d7c19e214d2dfb80c7",
                "sha256:a71a5b541078d0ebe373a81a3b7e71432c61d12e660f1d67896ca62d9628045b",
                "sha256:baf95683cde5bc7d0e12d8e7588a3eb754d7c4fa714548adcd96bdf90169f021",
                "sha256:cab15ff4832580aa440dc9790b8a6128abd0b88b7ee4dd56abacbc52f212209d",
                "sha256:ce290e62229964715f1011c3dbeab7a4a1e4971fd6f31324c4519464473ef9f2",
                "sha256:d3a8ffec2a50d8ec470143ea3d15c0c52d73df882eef92de7537e8ce13475e8a",
                "sha256:e204937f67b28d2dca73ca936d3039a144a081fc47a07598d44854ea2a106239",
                "sha256:eb23f58a446a7f09db85eda09521a498e109f137b85fb278edb2e34841055398",
                "sha256:f6dd02ec01f4468da0f234da9d9c8545c5412fef80bc590cc51d8dd084138a89"
            ],
            "markers": "python_version >= '3.8'",
            "version": "==7.2"
        }
    },
    "develop": {}
}
