{
    "_meta": {
        "hash": {
            "sha256": "fd2e1cc3fba0680fa373d1cec3344507a2efb514f00b2b6b8bbfebc25b79880c"
        },
        "pipfile-spec": 6,
        "requires": {
            "python_version": "3.8"
        },
        "sources": [
            {
                "name": "pypi",
                "url": "https://pypi.org/simple",
                "verify_ssl": true
            }
        ]
    },
    "default": {
        "xmltodict": {
            "hashes": [
                "sha256:201e7c28bb210e374999d1dde6382923ab0ed1a8a5faeece48ab525b7810a553",
                "sha256:20cc7d723ed729276e808f26fb6b3599f786cbc37e06c65e192ba77c40f20aac"
            ],
            "index": "pypi",
            "markers": "python_version >= '3.6'",
            "version": "==0.14.2"
        }
    },
    "develop": {}
}
