{
    "_meta": {
        "hash": {
            "sha256": "fd2e1cc3fba0680fa373d1cec3344507a2efb514f00b2b6b8bbfebc25b79880c"
        },
        "pipfile-spec": 6,
        "requires": {
            "python_version": "3.8"
        },
        "sources": [
            {
                "name": "pypi",
                "url": "https://pypi.org/simple",
                "verify_ssl": true
            }
        ]
    },
    "default": {
        "xmltodict": {
            "hashes": [
                "sha256:338c8431e4fc554517651972d62f06958718f6262b04316917008e8fd677a6b0",
                "sha256:3ef4a7b71c08f19047fcbea572e1d7f4207ab269da1565b5d40e9823d3894e63"
            ],
            "index": "pypi",
            "markers": "python_version >= '3.6'",
            "version": "==0.14.1"
        }
    },
    "develop": {}
}
